// !$*UTF8*$!
{
	archiveVersion = 1;
	classes = {
	};
	objectVersion = 46;
	objects = {

/* Begin PBXBuildFile section */
		F266091818DA08800062A7B3 /* NSString+WordWrappedLineBreaks.m in Sources */ = {isa = PBXBuildFile; fileRef = F266091718DA08800062A7B3 /* NSString+WordWrappedLineBreaks.m */; };
		F266EACA18FB348C00C1D0A3 /* TYUserDefaultsStringPersistor.m in Sources */ = {isa = PBXBuildFile; fileRef = F266EAC918FB348C00C1D0A3 /* TYUserDefaultsStringPersistor.m */; };
		F266EACF18FB6A0000C1D0A3 /* TYCoreDataThoughtContextTests.m in Sources */ = {isa = PBXBuildFile; fileRef = F266EACE18FB6A0000C1D0A3 /* TYCoreDataThoughtContextTests.m */; };
		F27FC52918F24353005AF1B6 /* TYSlidingTextPositionTransitionView.m in Sources */ = {isa = PBXBuildFile; fileRef = F27FC52818F24353005AF1B6 /* TYSlidingTextPositionTransitionView.m */; };
		F27FC53018F38E5D005AF1B6 /* TYMainViewController.m in Sources */ = {isa = PBXBuildFile; fileRef = F27FC52F18F38E5D005AF1B6 /* TYMainViewController.m */; };
		F2827D7D18D2064E00B97876 /* Foundation.framework in Frameworks */ = {isa = PBXBuildFile; fileRef = F2827D7C18D2064E00B97876 /* Foundation.framework */; };
		F2827D7F18D2064E00B97876 /* CoreGraphics.framework in Frameworks */ = {isa = PBXBuildFile; fileRef = F2827D7E18D2064E00B97876 /* CoreGraphics.framework */; };
		F2827D8118D2064E00B97876 /* UIKit.framework in Frameworks */ = {isa = PBXBuildFile; fileRef = F2827D8018D2064E00B97876 /* UIKit.framework */; };
		F2827D8318D2064E00B97876 /* CoreData.framework in Frameworks */ = {isa = PBXBuildFile; fileRef = F2827D8218D2064E00B97876 /* CoreData.framework */; };
		F2827D8918D2064E00B97876 /* InfoPlist.strings in Resources */ = {isa = PBXBuildFile; fileRef = F2827D8718D2064E00B97876 /* InfoPlist.strings */; };
		F2827D8B18D2064E00B97876 /* main.m in Sources */ = {isa = PBXBuildFile; fileRef = F2827D8A18D2064E00B97876 /* main.m */; };
		F2827D8F18D2064E00B97876 /* TYAppDelegate.m in Sources */ = {isa = PBXBuildFile; fileRef = F2827D8E18D2064E00B97876 /* TYAppDelegate.m */; };
		F2827D9218D2064E00B97876 /* Thoughts.xcdatamodeld in Sources */ = {isa = PBXBuildFile; fileRef = F2827D9018D2064E00B97876 /* Thoughts.xcdatamodeld */; };
		F2827D9418D2064E00B97876 /* Images.xcassets in Resources */ = {isa = PBXBuildFile; fileRef = F2827D9318D2064E00B97876 /* Images.xcassets */; };
		F2827D9B18D2064E00B97876 /* XCTest.framework in Frameworks */ = {isa = PBXBuildFile; fileRef = F2827D9A18D2064E00B97876 /* XCTest.framework */; };
		F2827D9C18D2064E00B97876 /* Foundation.framework in Frameworks */ = {isa = PBXBuildFile; fileRef = F2827D7C18D2064E00B97876 /* Foundation.framework */; };
		F2827D9D18D2064E00B97876 /* UIKit.framework in Frameworks */ = {isa = PBXBuildFile; fileRef = F2827D8018D2064E00B97876 /* UIKit.framework */; };
		F2827D9E18D2064E00B97876 /* CoreData.framework in Frameworks */ = {isa = PBXBuildFile; fileRef = F2827D8218D2064E00B97876 /* CoreData.framework */; };
		F2827DA618D2064E00B97876 /* InfoPlist.strings in Resources */ = {isa = PBXBuildFile; fileRef = F2827DA418D2064E00B97876 /* InfoPlist.strings */; };
		F2827DB318D20CC400B97876 /* TYCoreDataThought.m in Sources */ = {isa = PBXBuildFile; fileRef = F2827DB218D20CC400B97876 /* TYCoreDataThought.m */; };
		F2827DBC18D242E100B97876 /* TYCoreDataThoughtContext.m in Sources */ = {isa = PBXBuildFile; fileRef = F2827DBB18D242E100B97876 /* TYCoreDataThoughtContext.m */; };
		F2827DC418D3867200B97876 /* TYThoughtSpecification.m in Sources */ = {isa = PBXBuildFile; fileRef = F2827DC318D3867200B97876 /* TYThoughtSpecification.m */; };
		F28F2FB018F71F30004ECFEB /* TYMainView.m in Sources */ = {isa = PBXBuildFile; fileRef = F28F2FAF18F71F30004ECFEB /* TYMainView.m */; };
		F2A7280618E2EFCC0083E4A6 /* TYMovableCharactersLayer.m in Sources */ = {isa = PBXBuildFile; fileRef = F2A7280518E2EFCC0083E4A6 /* TYMovableCharactersLayer.m */; };
		F2A7280918E32A070083E4A6 /* TYMovableCharactersLabel.m in Sources */ = {isa = PBXBuildFile; fileRef = F2A7280818E32A070083E4A6 /* TYMovableCharactersLabel.m */; };
		F2B7118C18DB81D900E88E34 /* MTRandom.m in Sources */ = {isa = PBXBuildFile; fileRef = F2B7118B18DB81D900E88E34 /* MTRandom.m */; };
		F2B7118F18DC5BFF00E88E34 /* NSMutableArray+pseudoRandomShuffle.m in Sources */ = {isa = PBXBuildFile; fileRef = F2B7118E18DC5BFF00E88E34 /* NSMutableArray+pseudoRandomShuffle.m */; };
		F2B7119218DC95C900E88E34 /* TYUtils.m in Sources */ = {isa = PBXBuildFile; fileRef = F2B7119118DC95C900E88E34 /* TYUtils.m */; };
		F2B7119618DE0D2500E88E34 /* NSString+CharactersAndIndexes.m in Sources */ = {isa = PBXBuildFile; fileRef = F2B7119518DE0D2500E88E34 /* NSString+CharactersAndIndexes.m */; };
		F2B7119918DE114200E88E34 /* NSString+MatchedCharacterIndexes.m in Sources */ = {isa = PBXBuildFile; fileRef = F2B7119818DE114200E88E34 /* NSString+MatchedCharacterIndexes.m */; };
		F2B7119E18E064CB00E88E34 /* CoreText.framework in Frameworks */ = {isa = PBXBuildFile; fileRef = F2B7119D18E064CB00E88E34 /* CoreText.framework */; };
		F2C6D81A18D3CA8800265BF3 /* TYDefaultAssembly.m in Sources */ = {isa = PBXBuildFile; fileRef = F2C6D81318D3CA8800265BF3 /* TYDefaultAssembly.m */; };
		F2D4139418E5106C009918C3 /* TYSharedCharactersTransitionView.m in Sources */ = {isa = PBXBuildFile; fileRef = F2D4139318E5106C009918C3 /* TYSharedCharactersTransitionView.m */; };
		F2D4139718E5AEEB009918C3 /* TYScrollingTrackerView.m in Sources */ = {isa = PBXBuildFile; fileRef = F2D4139618E5AEEB009918C3 /* TYScrollingTrackerView.m */; };
		F2D4139A18E784BF009918C3 /* easing.c in Sources */ = {isa = PBXBuildFile; fileRef = F2D4139918E784BF009918C3 /* easing.c */; };
		F2F43F7118D787B300EF5A0A /* Raleway-Light.ttf in Resources */ = {isa = PBXBuildFile; fileRef = F2F43F6F18D7868A00EF5A0A /* Raleway-Light.ttf */; };
		F2F43F7418D7AAA900EF5A0A /* UIColor+HexString.m in Sources */ = {isa = PBXBuildFile; fileRef = F2F43F7318D7AAA900EF5A0A /* UIColor+HexString.m */; };
/* End PBXBuildFile section */

/* Begin PBXContainerItemProxy section */
		F2827D9F18D2064E00B97876 /* PBXContainerItemProxy */ = {
			isa = PBXContainerItemProxy;
			containerPortal = F2827D7118D2064E00B97876 /* Project object */;
			proxyType = 1;
			remoteGlobalIDString = F2827D7818D2064E00B97876;
			remoteInfo = Thoughts;
		};
/* End PBXContainerItemProxy section */

/* Begin PBXFileReference section */
		F266091618DA08800062A7B3 /* NSString+WordWrappedLineBreaks.h */ = {isa = PBXFileReference; fileEncoding = 4; lastKnownFileType = sourcecode.c.h; path = "NSString+WordWrappedLineBreaks.h"; sourceTree = "<group>"; };
		F266091718DA08800062A7B3 /* NSString+WordWrappedLineBreaks.m */ = {isa = PBXFileReference; fileEncoding = 4; lastKnownFileType = sourcecode.c.objc; path = "NSString+WordWrappedLineBreaks.m"; sourceTree = "<group>"; };
		F266EAC618FB345400C1D0A3 /* TYStringPersistor.h */ = {isa = PBXFileReference; lastKnownFileType = sourcecode.c.h; path = TYStringPersistor.h; sourceTree = "<group>"; };
		F266EAC818FB348C00C1D0A3 /* TYUserDefaultsStringPersistor.h */ = {isa = PBXFileReference; fileEncoding = 4; lastKnownFileType = sourcecode.c.h; path = TYUserDefaultsStringPersistor.h; sourceTree = "<group>"; };
		F266EAC918FB348C00C1D0A3 /* TYUserDefaultsStringPersistor.m */ = {isa = PBXFileReference; fileEncoding = 4; lastKnownFileType = sourcecode.c.objc; path = TYUserDefaultsStringPersistor.m; sourceTree = "<group>"; };
		F266EACE18FB6A0000C1D0A3 /* TYCoreDataThoughtContextTests.m */ = {isa = PBXFileReference; fileEncoding = 4; lastKnownFileType = sourcecode.c.objc; path = TYCoreDataThoughtContextTests.m; sourceTree = "<group>"; };
		F27FC52718F24353005AF1B6 /* TYSlidingTextPositionTransitionView.h */ = {isa = PBXFileReference; fileEncoding = 4; lastKnownFileType = sourcecode.c.h; path = TYSlidingTextPositionTransitionView.h; sourceTree = "<group>"; };
		F27FC52818F24353005AF1B6 /* TYSlidingTextPositionTransitionView.m */ = {isa = PBXFileReference; fileEncoding = 4; lastKnownFileType = sourcecode.c.objc; path = TYSlidingTextPositionTransitionView.m; sourceTree = "<group>"; };
		F27FC52E18F38E5D005AF1B6 /* TYMainViewController.h */ = {isa = PBXFileReference; fileEncoding = 4; lastKnownFileType = sourcecode.c.h; path = TYMainViewController.h; sourceTree = "<group>"; };
		F27FC52F18F38E5D005AF1B6 /* TYMainViewController.m */ = {isa = PBXFileReference; fileEncoding = 4; lastKnownFileType = sourcecode.c.objc; path = TYMainViewController.m; sourceTree = "<group>"; };
		F2827D7918D2064E00B97876 /* Type.app */ = {isa = PBXFileReference; explicitFileType = wrapper.application; includeInIndex = 0; path = Type.app; sourceTree = BUILT_PRODUCTS_DIR; };
		F2827D7C18D2064E00B97876 /* Foundation.framework */ = {isa = PBXFileReference; lastKnownFileType = wrapper.framework; name = Foundation.framework; path = System/Library/Frameworks/Foundation.framework; sourceTree = SDKROOT; };
		F2827D7E18D2064E00B97876 /* CoreGraphics.framework */ = {isa = PBXFileReference; lastKnownFileType = wrapper.framework; name = CoreGraphics.framework; path = System/Library/Frameworks/CoreGraphics.framework; sourceTree = SDKROOT; };
		F2827D8018D2064E00B97876 /* UIKit.framework */ = {isa = PBXFileReference; lastKnownFileType = wrapper.framework; name = UIKit.framework; path = System/Library/Frameworks/UIKit.framework; sourceTree = SDKROOT; };
		F2827D8218D2064E00B97876 /* CoreData.framework */ = {isa = PBXFileReference; lastKnownFileType = wrapper.framework; name = CoreData.framework; path = System/Library/Frameworks/CoreData.framework; sourceTree = SDKROOT; };
		F2827D8618D2064E00B97876 /* Type-Info.plist */ = {isa = PBXFileReference; lastKnownFileType = text.plist.xml; path = "Type-Info.plist"; sourceTree = "<group>"; };
		F2827D8818D2064E00B97876 /* en */ = {isa = PBXFileReference; lastKnownFileType = text.plist.strings; name = en; path = en.lproj/InfoPlist.strings; sourceTree = "<group>"; };
		F2827D8A18D2064E00B97876 /* main.m */ = {isa = PBXFileReference; lastKnownFileType = sourcecode.c.objc; path = main.m; sourceTree = "<group>"; };
		F2827D8C18D2064E00B97876 /* Type-Prefix.pch */ = {isa = PBXFileReference; lastKnownFileType = sourcecode.c.h; path = "Type-Prefix.pch"; sourceTree = "<group>"; };
		F2827D8D18D2064E00B97876 /* TYAppDelegate.h */ = {isa = PBXFileReference; lastKnownFileType = sourcecode.c.h; path = TYAppDelegate.h; sourceTree = "<group>"; };
		F2827D8E18D2064E00B97876 /* TYAppDelegate.m */ = {isa = PBXFileReference; lastKnownFileType = sourcecode.c.objc; path = TYAppDelegate.m; sourceTree = "<group>"; };
		F2827D9118D2064E00B97876 /* Thoughts.xcdatamodel */ = {isa = PBXFileReference; lastKnownFileType = wrapper.xcdatamodel; path = Thoughts.xcdatamodel; sourceTree = "<group>"; };
		F2827D9318D2064E00B97876 /* Images.xcassets */ = {isa = PBXFileReference; lastKnownFileType = folder.assetcatalog; path = Images.xcassets; sourceTree = "<group>"; };
		F2827D9918D2064E00B97876 /* TypeTests.xctest */ = {isa = PBXFileReference; explicitFileType = wrapper.cfbundle; includeInIndex = 0; path = TypeTests.xctest; sourceTree = BUILT_PRODUCTS_DIR; };
		F2827D9A18D2064E00B97876 /* XCTest.framework */ = {isa = PBXFileReference; lastKnownFileType = wrapper.framework; name = XCTest.framework; path = Library/Frameworks/XCTest.framework; sourceTree = DEVELOPER_DIR; };
		F2827DA318D2064E00B97876 /* TypeTests-Info.plist */ = {isa = PBXFileReference; lastKnownFileType = text.plist.xml; path = "TypeTests-Info.plist"; sourceTree = "<group>"; };
		F2827DA518D2064E00B97876 /* en */ = {isa = PBXFileReference; lastKnownFileType = text.plist.strings; name = en; path = en.lproj/InfoPlist.strings; sourceTree = "<group>"; };
		F2827DB118D20CC400B97876 /* TYCoreDataThought.h */ = {isa = PBXFileReference; fileEncoding = 4; lastKnownFileType = sourcecode.c.h; path = TYCoreDataThought.h; sourceTree = "<group>"; };
		F2827DB218D20CC400B97876 /* TYCoreDataThought.m */ = {isa = PBXFileReference; fileEncoding = 4; lastKnownFileType = sourcecode.c.objc; path = TYCoreDataThought.m; sourceTree = "<group>"; };
		F2827DB418D23D7400B97876 /* TYThought.h */ = {isa = PBXFileReference; lastKnownFileType = sourcecode.c.h; path = TYThought.h; sourceTree = "<group>"; };
		F2827DBA18D242E100B97876 /* TYCoreDataThoughtContext.h */ = {isa = PBXFileReference; fileEncoding = 4; lastKnownFileType = sourcecode.c.h; path = TYCoreDataThoughtContext.h; sourceTree = "<group>"; };
		F2827DBB18D242E100B97876 /* TYCoreDataThoughtContext.m */ = {isa = PBXFileReference; fileEncoding = 4; lastKnownFileType = sourcecode.c.objc; path = TYCoreDataThoughtContext.m; sourceTree = "<group>"; };
		F2827DC218D3867200B97876 /* TYThoughtSpecification.h */ = {isa = PBXFileReference; fileEncoding = 4; lastKnownFileType = sourcecode.c.h; path = TYThoughtSpecification.h; sourceTree = "<group>"; };
		F2827DC318D3867200B97876 /* TYThoughtSpecification.m */ = {isa = PBXFileReference; fileEncoding = 4; lastKnownFileType = sourcecode.c.objc; path = TYThoughtSpecification.m; sourceTree = "<group>"; };
		F2827DC518D3B38400B97876 /* TYThoughtContext.h */ = {isa = PBXFileReference; lastKnownFileType = sourcecode.c.h; path = TYThoughtContext.h; sourceTree = "<group>"; };
		F28F2FAE18F71F30004ECFEB /* TYMainView.h */ = {isa = PBXFileReference; fileEncoding = 4; lastKnownFileType = sourcecode.c.h; path = TYMainView.h; sourceTree = "<group>"; };
		F28F2FAF18F71F30004ECFEB /* TYMainView.m */ = {isa = PBXFileReference; fileEncoding = 4; lastKnownFileType = sourcecode.c.objc; path = TYMainView.m; sourceTree = "<group>"; };
		F2A7280418E2EFCC0083E4A6 /* TYMovableCharactersLayer.h */ = {isa = PBXFileReference; fileEncoding = 4; lastKnownFileType = sourcecode.c.h; path = TYMovableCharactersLayer.h; sourceTree = "<group>"; };
		F2A7280518E2EFCC0083E4A6 /* TYMovableCharactersLayer.m */ = {isa = PBXFileReference; fileEncoding = 4; lastKnownFileType = sourcecode.c.objc; path = TYMovableCharactersLayer.m; sourceTree = "<group>"; };
		F2A7280718E32A070083E4A6 /* TYMovableCharactersLabel.h */ = {isa = PBXFileReference; fileEncoding = 4; lastKnownFileType = sourcecode.c.h; path = TYMovableCharactersLabel.h; sourceTree = "<group>"; };
		F2A7280818E32A070083E4A6 /* TYMovableCharactersLabel.m */ = {isa = PBXFileReference; fileEncoding = 4; lastKnownFileType = sourcecode.c.objc; path = TYMovableCharactersLabel.m; sourceTree = "<group>"; };
		F2B7118A18DB81D900E88E34 /* MTRandom.h */ = {isa = PBXFileReference; fileEncoding = 4; lastKnownFileType = sourcecode.c.h; path = MTRandom.h; sourceTree = "<group>"; };
		F2B7118B18DB81D900E88E34 /* MTRandom.m */ = {isa = PBXFileReference; fileEncoding = 4; lastKnownFileType = sourcecode.c.objc; path = MTRandom.m; sourceTree = "<group>"; };
		F2B7118D18DC5BFF00E88E34 /* NSMutableArray+pseudoRandomShuffle.h */ = {isa = PBXFileReference; fileEncoding = 4; lastKnownFileType = sourcecode.c.h; path = "NSMutableArray+pseudoRandomShuffle.h"; sourceTree = "<group>"; };
		F2B7118E18DC5BFF00E88E34 /* NSMutableArray+pseudoRandomShuffle.m */ = {isa = PBXFileReference; fileEncoding = 4; lastKnownFileType = sourcecode.c.objc; path = "NSMutableArray+pseudoRandomShuffle.m"; sourceTree = "<group>"; };
		F2B7119018DC95C900E88E34 /* TYUtils.h */ = {isa = PBXFileReference; fileEncoding = 4; lastKnownFileType = sourcecode.c.h; path = TYUtils.h; sourceTree = "<group>"; };
		F2B7119118DC95C900E88E34 /* TYUtils.m */ = {isa = PBXFileReference; fileEncoding = 4; lastKnownFileType = sourcecode.c.objc; path = TYUtils.m; sourceTree = "<group>"; };
		F2B7119418DE0D2500E88E34 /* NSString+CharactersAndIndexes.h */ = {isa = PBXFileReference; fileEncoding = 4; lastKnownFileType = sourcecode.c.h; path = "NSString+CharactersAndIndexes.h"; sourceTree = "<group>"; };
		F2B7119518DE0D2500E88E34 /* NSString+CharactersAndIndexes.m */ = {isa = PBXFileReference; fileEncoding = 4; lastKnownFileType = sourcecode.c.objc; path = "NSString+CharactersAndIndexes.m"; sourceTree = "<group>"; };
		F2B7119718DE114200E88E34 /* NSString+MatchedCharacterIndexes.h */ = {isa = PBXFileReference; fileEncoding = 4; lastKnownFileType = sourcecode.c.h; path = "NSString+MatchedCharacterIndexes.h"; sourceTree = "<group>"; };
		F2B7119818DE114200E88E34 /* NSString+MatchedCharacterIndexes.m */ = {isa = PBXFileReference; fileEncoding = 4; lastKnownFileType = sourcecode.c.objc; path = "NSString+MatchedCharacterIndexes.m"; sourceTree = "<group>"; };
		F2B7119D18E064CB00E88E34 /* CoreText.framework */ = {isa = PBXFileReference; lastKnownFileType = wrapper.framework; name = CoreText.framework; path = System/Library/Frameworks/CoreText.framework; sourceTree = SDKROOT; };
		F2C6D81118D3CA8800265BF3 /* TYAssembly.h */ = {isa = PBXFileReference; fileEncoding = 4; lastKnownFileType = sourcecode.c.h; path = TYAssembly.h; sourceTree = "<group>"; };
		F2C6D81218D3CA8800265BF3 /* TYDefaultAssembly.h */ = {isa = PBXFileReference; fileEncoding = 4; lastKnownFileType = sourcecode.c.h; path = TYDefaultAssembly.h; sourceTree = "<group>"; };
		F2C6D81318D3CA8800265BF3 /* TYDefaultAssembly.m */ = {isa = PBXFileReference; fileEncoding = 4; lastKnownFileType = sourcecode.c.objc; path = TYDefaultAssembly.m; sourceTree = "<group>"; };
		F2D4139218E5106C009918C3 /* TYSharedCharactersTransitionView.h */ = {isa = PBXFileReference; fileEncoding = 4; lastKnownFileType = sourcecode.c.h; path = TYSharedCharactersTransitionView.h; sourceTree = "<group>"; };
		F2D4139318E5106C009918C3 /* TYSharedCharactersTransitionView.m */ = {isa = PBXFileReference; fileEncoding = 4; lastKnownFileType = sourcecode.c.objc; path = TYSharedCharactersTransitionView.m; sourceTree = "<group>"; };
		F2D4139518E5AEEB009918C3 /* TYScrollingTrackerView.h */ = {isa = PBXFileReference; fileEncoding = 4; lastKnownFileType = sourcecode.c.h; path = TYScrollingTrackerView.h; sourceTree = "<group>"; };
		F2D4139618E5AEEB009918C3 /* TYScrollingTrackerView.m */ = {isa = PBXFileReference; fileEncoding = 4; lastKnownFileType = sourcecode.c.objc; path = TYScrollingTrackerView.m; sourceTree = "<group>"; };
		F2D4139818E784BF009918C3 /* easing.h */ = {isa = PBXFileReference; fileEncoding = 4; lastKnownFileType = sourcecode.c.h; path = easing.h; sourceTree = "<group>"; };
		F2D4139918E784BF009918C3 /* easing.c */ = {isa = PBXFileReference; fileEncoding = 4; lastKnownFileType = sourcecode.c.c; path = easing.c; sourceTree = "<group>"; };
		F2F43F6F18D7868A00EF5A0A /* Raleway-Light.ttf */ = {isa = PBXFileReference; lastKnownFileType = file; path = "Raleway-Light.ttf"; sourceTree = "<group>"; };
		F2F43F7218D7AAA900EF5A0A /* UIColor+HexString.h */ = {isa = PBXFileReference; fileEncoding = 4; lastKnownFileType = sourcecode.c.h; path = "UIColor+HexString.h"; sourceTree = "<group>"; };
		F2F43F7318D7AAA900EF5A0A /* UIColor+HexString.m */ = {isa = PBXFileReference; fileEncoding = 4; lastKnownFileType = sourcecode.c.objc; path = "UIColor+HexString.m"; sourceTree = "<group>"; };
/* End PBXFileReference section */

/* Begin PBXFrameworksBuildPhase section */
		F2827D7618D2064E00B97876 /* Frameworks */ = {
			isa = PBXFrameworksBuildPhase;
			buildActionMask = 2147483647;
			files = (
				F2B7119E18E064CB00E88E34 /* CoreText.framework in Frameworks */,
				F2827D7F18D2064E00B97876 /* CoreGraphics.framework in Frameworks */,
				F2827D8318D2064E00B97876 /* CoreData.framework in Frameworks */,
				F2827D8118D2064E00B97876 /* UIKit.framework in Frameworks */,
				F2827D7D18D2064E00B97876 /* Foundation.framework in Frameworks */,
			);
			runOnlyForDeploymentPostprocessing = 0;
		};
		F2827D9618D2064E00B97876 /* Frameworks */ = {
			isa = PBXFrameworksBuildPhase;
			buildActionMask = 2147483647;
			files = (
				F2827D9B18D2064E00B97876 /* XCTest.framework in Frameworks */,
				F2827D9E18D2064E00B97876 /* CoreData.framework in Frameworks */,
				F2827D9D18D2064E00B97876 /* UIKit.framework in Frameworks */,
				F2827D9C18D2064E00B97876 /* Foundation.framework in Frameworks */,
			);
			runOnlyForDeploymentPostprocessing = 0;
		};
/* End PBXFrameworksBuildPhase section */

/* Begin PBXGroup section */
		F25C715E18EDD55A00D7DD2B /* MovableCharactersLabel */ = {
			isa = PBXGroup;
			children = (
				F2A7280718E32A070083E4A6 /* TYMovableCharactersLabel.h */,
				F2A7280818E32A070083E4A6 /* TYMovableCharactersLabel.m */,
				F25C716118EDD70700D7DD2B /* Layer */,
			);
			name = MovableCharactersLabel;
			sourceTree = "<group>";
		};
		F25C715F18EDD6EE00D7DD2B /* SharedCharactersTransitionView */ = {
			isa = PBXGroup;
			children = (
				F2D4139218E5106C009918C3 /* TYSharedCharactersTransitionView.h */,
				F2D4139318E5106C009918C3 /* TYSharedCharactersTransitionView.m */,
			);
			name = SharedCharactersTransitionView;
			sourceTree = "<group>";
		};
		F25C716018EDD6FA00D7DD2B /* ScrollingTrackerView */ = {
			isa = PBXGroup;
			children = (
				F2D4139518E5AEEB009918C3 /* TYScrollingTrackerView.h */,
				F2D4139618E5AEEB009918C3 /* TYScrollingTrackerView.m */,
			);
			name = ScrollingTrackerView;
			sourceTree = "<group>";
		};
		F25C716118EDD70700D7DD2B /* Layer */ = {
			isa = PBXGroup;
			children = (
				F2A7280418E2EFCC0083E4A6 /* TYMovableCharactersLayer.h */,
				F2A7280518E2EFCC0083E4A6 /* TYMovableCharactersLayer.m */,
			);
			name = Layer;
			sourceTree = "<group>";
		};
		F25C716218EDD71A00D7DD2B /* View Components */ = {
			isa = PBXGroup;
			children = (
				F25C715E18EDD55A00D7DD2B /* MovableCharactersLabel */,
				F25C715F18EDD6EE00D7DD2B /* SharedCharactersTransitionView */,
				F25C716018EDD6FA00D7DD2B /* ScrollingTrackerView */,
				F27FC52A18F24357005AF1B6 /* SlidingTextAlignmentView */,
			);
			name = "View Components";
			sourceTree = "<group>";
		};
		F25C716318EDD74800D7DD2B /* UI */ = {
			isa = PBXGroup;
			children = (
				F25C716418EDD74E00D7DD2B /* MainViewController */,
				F28F2FC018FA97F3004ECFEB /* MainView */,
			);
			name = UI;
			sourceTree = "<group>";
		};
		F25C716418EDD74E00D7DD2B /* MainViewController */ = {
			isa = PBXGroup;
			children = (
				F27FC52E18F38E5D005AF1B6 /* TYMainViewController.h */,
				F27FC52F18F38E5D005AF1B6 /* TYMainViewController.m */,
			);
			name = MainViewController;
			sourceTree = "<group>";
		};
		F266091918DA33230062A7B3 /* 3rd Party */ = {
			isa = PBXGroup;
			children = (
				F2B7118A18DB81D900E88E34 /* MTRandom.h */,
				F2B7118B18DB81D900E88E34 /* MTRandom.m */,
				F2F43F7218D7AAA900EF5A0A /* UIColor+HexString.h */,
				F2F43F7318D7AAA900EF5A0A /* UIColor+HexString.m */,
				F2D4139818E784BF009918C3 /* easing.h */,
				F2D4139918E784BF009918C3 /* easing.c */,
			);
			name = "3rd Party";
			path = Type;
			sourceTree = "<group>";
		};
		F266EAC518FB342F00C1D0A3 /* Thoughts */ = {
			isa = PBXGroup;
			children = (
				F2C6D80C18D3B6DE00265BF3 /* Thought */,
				F2C6D80B18D3B6CA00265BF3 /* ThoughtSpecification */,
				F2C6D80D18D3B6E400265BF3 /* ThoughtContext */,
				F2827D9018D2064E00B97876 /* Thoughts.xcdatamodeld */,
			);
			name = Thoughts;
			sourceTree = "<group>";
		};
		F266EAC718FB345A00C1D0A3 /* StringPersistor */ = {
			isa = PBXGroup;
			children = (
				F266EAC618FB345400C1D0A3 /* TYStringPersistor.h */,
				F266EACB18FB349800C1D0A3 /* UserDefaults */,
			);
			name = StringPersistor;
			sourceTree = "<group>";
		};
		F266EACB18FB349800C1D0A3 /* UserDefaults */ = {
			isa = PBXGroup;
			children = (
				F266EAC818FB348C00C1D0A3 /* TYUserDefaultsStringPersistor.h */,
				F266EAC918FB348C00C1D0A3 /* TYUserDefaultsStringPersistor.m */,
			);
			name = UserDefaults;
			sourceTree = "<group>";
		};
		F27FC52A18F24357005AF1B6 /* SlidingTextAlignmentView */ = {
			isa = PBXGroup;
			children = (
				F27FC52718F24353005AF1B6 /* TYSlidingTextPositionTransitionView.h */,
				F27FC52818F24353005AF1B6 /* TYSlidingTextPositionTransitionView.m */,
			);
			name = SlidingTextAlignmentView;
			sourceTree = "<group>";
		};
		F2827D7018D2064E00B97876 = {
			isa = PBXGroup;
			children = (
				F2827D8418D2064E00B97876 /* Type */,
				F2827DA118D2064E00B97876 /* TypeTests */,
				F266091918DA33230062A7B3 /* 3rd Party */,
				F2827D7B18D2064E00B97876 /* Frameworks */,
				F2827D7A18D2064E00B97876 /* Products */,
			);
			sourceTree = "<group>";
		};
		F2827D7A18D2064E00B97876 /* Products */ = {
			isa = PBXGroup;
			children = (
				F2827D7918D2064E00B97876 /* Type.app */,
				F2827D9918D2064E00B97876 /* TypeTests.xctest */,
			);
			name = Products;
			sourceTree = "<group>";
		};
		F2827D7B18D2064E00B97876 /* Frameworks */ = {
			isa = PBXGroup;
			children = (
				F2B7119D18E064CB00E88E34 /* CoreText.framework */,
				F2827D7C18D2064E00B97876 /* Foundation.framework */,
				F2827D7E18D2064E00B97876 /* CoreGraphics.framework */,
				F2827D8018D2064E00B97876 /* UIKit.framework */,
				F2827D8218D2064E00B97876 /* CoreData.framework */,
				F2827D9A18D2064E00B97876 /* XCTest.framework */,
			);
			name = Frameworks;
			sourceTree = "<group>";
		};
		F2827D8418D2064E00B97876 /* Type */ = {
			isa = PBXGroup;
			children = (
				F2F43F6818D77CEA00EF5A0A /* Reusable */,
				F2C6D81018D3C9A700265BF3 /* AppDelegate */,
				F2C6D81E18D3CABE00265BF3 /* Assembly */,
				F25C716318EDD74800D7DD2B /* UI */,
				F2827DB618D240CC00B97876 /* Domain */,
				F2827D8518D2064E00B97876 /* Supporting Files */,
			);
			path = Type;
			sourceTree = "<group>";
		};
		F2827D8518D2064E00B97876 /* Supporting Files */ = {
			isa = PBXGroup;
			children = (
				F2827D9318D2064E00B97876 /* Images.xcassets */,
				F2827D8618D2064E00B97876 /* Type-Info.plist */,
				F2827D8718D2064E00B97876 /* InfoPlist.strings */,
				F2827D8A18D2064E00B97876 /* main.m */,
				F2827D8C18D2064E00B97876 /* Type-Prefix.pch */,
			);
			name = "Supporting Files";
			sourceTree = "<group>";
		};
		F2827DA118D2064E00B97876 /* TypeTests */ = {
			isa = PBXGroup;
			children = (
				F266EACE18FB6A0000C1D0A3 /* TYCoreDataThoughtContextTests.m */,
				F2827DA218D2064E00B97876 /* Supporting Files */,
			);
			path = TypeTests;
			sourceTree = "<group>";
		};
		F2827DA218D2064E00B97876 /* Supporting Files */ = {
			isa = PBXGroup;
			children = (
				F2827DA318D2064E00B97876 /* TypeTests-Info.plist */,
				F2827DA418D2064E00B97876 /* InfoPlist.strings */,
			);
			name = "Supporting Files";
			sourceTree = "<group>";
		};
		F2827DB618D240CC00B97876 /* Domain */ = {
			isa = PBXGroup;
			children = (
				F266EAC718FB345A00C1D0A3 /* StringPersistor */,
				F266EAC518FB342F00C1D0A3 /* Thoughts */,
			);
			name = Domain;
			sourceTree = "<group>";
		};
		F28F2FC018FA97F3004ECFEB /* MainView */ = {
			isa = PBXGroup;
			children = (
				F28F2FAE18F71F30004ECFEB /* TYMainView.h */,
				F28F2FAF18F71F30004ECFEB /* TYMainView.m */,
			);
			name = MainView;
			sourceTree = "<group>";
		};
		F2B7119318DC965200E88E34 /* Utils */ = {
			isa = PBXGroup;
			children = (
				F2B7119018DC95C900E88E34 /* TYUtils.h */,
				F2B7119118DC95C900E88E34 /* TYUtils.m */,
			);
			name = Utils;
			sourceTree = "<group>";
		};
		F2C6D80B18D3B6CA00265BF3 /* ThoughtSpecification */ = {
			isa = PBXGroup;
			children = (
				F2827DC218D3867200B97876 /* TYThoughtSpecification.h */,
				F2827DC318D3867200B97876 /* TYThoughtSpecification.m */,
			);
			name = ThoughtSpecification;
			sourceTree = "<group>";
		};
		F2C6D80C18D3B6DE00265BF3 /* Thought */ = {
			isa = PBXGroup;
			children = (
				F2827DB418D23D7400B97876 /* TYThought.h */,
				F2C6D80F18D3B6F000265BF3 /* CoreData */,
			);
			name = Thought;
			sourceTree = "<group>";
		};
		F2C6D80D18D3B6E400265BF3 /* ThoughtContext */ = {
			isa = PBXGroup;
			children = (
				F2827DC518D3B38400B97876 /* TYThoughtContext.h */,
				F2C6D80E18D3B6EA00265BF3 /* CoreData */,
			);
			name = ThoughtContext;
			sourceTree = "<group>";
		};
		F2C6D80E18D3B6EA00265BF3 /* CoreData */ = {
			isa = PBXGroup;
			children = (
				F2827DBA18D242E100B97876 /* TYCoreDataThoughtContext.h */,
				F2827DBB18D242E100B97876 /* TYCoreDataThoughtContext.m */,
			);
			name = CoreData;
			sourceTree = "<group>";
		};
		F2C6D80F18D3B6F000265BF3 /* CoreData */ = {
			isa = PBXGroup;
			children = (
				F2827DB118D20CC400B97876 /* TYCoreDataThought.h */,
				F2827DB218D20CC400B97876 /* TYCoreDataThought.m */,
			);
			name = CoreData;
			sourceTree = "<group>";
		};
		F2C6D81018D3C9A700265BF3 /* AppDelegate */ = {
			isa = PBXGroup;
			children = (
				F2827D8D18D2064E00B97876 /* TYAppDelegate.h */,
				F2827D8E18D2064E00B97876 /* TYAppDelegate.m */,
			);
			name = AppDelegate;
			sourceTree = "<group>";
		};
		F2C6D81E18D3CABE00265BF3 /* Assembly */ = {
			isa = PBXGroup;
			children = (
				F2C6D81118D3CA8800265BF3 /* TYAssembly.h */,
				F2C6D81F18D3CAD000265BF3 /* Default */,
			);
			name = Assembly;
			sourceTree = "<group>";
		};
		F2C6D81F18D3CAD000265BF3 /* Default */ = {
			isa = PBXGroup;
			children = (
				F2C6D81218D3CA8800265BF3 /* TYDefaultAssembly.h */,
				F2C6D81318D3CA8800265BF3 /* TYDefaultAssembly.m */,
			);
			name = Default;
			sourceTree = "<group>";
		};
		F2F43F6818D77CEA00EF5A0A /* Reusable */ = {
			isa = PBXGroup;
			children = (
				F2B7119318DC965200E88E34 /* Utils */,
				F2F43F7518D7AAAC00EF5A0A /* Categories */,
				F2F43F7018D7868E00EF5A0A /* Fonts */,
				F25C716218EDD71A00D7DD2B /* View Components */,
			);
			name = Reusable;
			sourceTree = "<group>";
		};
		F2F43F7018D7868E00EF5A0A /* Fonts */ = {
			isa = PBXGroup;
			children = (
				F2F43F6F18D7868A00EF5A0A /* Raleway-Light.ttf */,
			);
			name = Fonts;
			sourceTree = "<group>";
		};
		F2F43F7518D7AAAC00EF5A0A /* Categories */ = {
			isa = PBXGroup;
			children = (
				F266091618DA08800062A7B3 /* NSString+WordWrappedLineBreaks.h */,
				F266091718DA08800062A7B3 /* NSString+WordWrappedLineBreaks.m */,
				F2B7119418DE0D2500E88E34 /* NSString+CharactersAndIndexes.h */,
				F2B7119518DE0D2500E88E34 /* NSString+CharactersAndIndexes.m */,
				F2B7119718DE114200E88E34 /* NSString+MatchedCharacterIndexes.h */,
				F2B7119818DE114200E88E34 /* NSString+MatchedCharacterIndexes.m */,
				F2B7118D18DC5BFF00E88E34 /* NSMutableArray+pseudoRandomShuffle.h */,
				F2B7118E18DC5BFF00E88E34 /* NSMutableArray+pseudoRandomShuffle.m */,
			);
			name = Categories;
			sourceTree = "<group>";
		};
/* End PBXGroup section */

/* Begin PBXNativeTarget section */
		F2827D7818D2064E00B97876 /* Type */ = {
			isa = PBXNativeTarget;
			buildConfigurationList = F2827DAB18D2064E00B97876 /* Build configuration list for PBXNativeTarget "Type" */;
			buildPhases = (
				F2827D7518D2064E00B97876 /* Sources */,
				F2827D7618D2064E00B97876 /* Frameworks */,
				F2827D7718D2064E00B97876 /* Resources */,
			);
			buildRules = (
			);
			dependencies = (
			);
			name = Type;
			productName = Thoughts;
			productReference = F2827D7918D2064E00B97876 /* Type.app */;
			productType = "com.apple.product-type.application";
		};
		F2827D9818D2064E00B97876 /* TypeTests */ = {
			isa = PBXNativeTarget;
			buildConfigurationList = F2827DAE18D2064E00B97876 /* Build configuration list for PBXNativeTarget "TypeTests" */;
			buildPhases = (
				F2827D9518D2064E00B97876 /* Sources */,
				F2827D9618D2064E00B97876 /* Frameworks */,
				F2827D9718D2064E00B97876 /* Resources */,
			);
			buildRules = (
			);
			dependencies = (
				F2827DA018D2064E00B97876 /* PBXTargetDependency */,
			);
			name = TypeTests;
			productName = ThoughtsTests;
			productReference = F2827D9918D2064E00B97876 /* TypeTests.xctest */;
			productType = "com.apple.product-type.bundle.unit-test";
		};
/* End PBXNativeTarget section */

/* Begin PBXProject section */
		F2827D7118D2064E00B97876 /* Project object */ = {
			isa = PBXProject;
			attributes = {
				CLASSPREFIX = TY;
				LastUpgradeCheck = 0510;
				ORGANIZATIONNAME = "Dom Chapman";
				TargetAttributes = {
					F2827D9818D2064E00B97876 = {
						TestTargetID = F2827D7818D2064E00B97876;
					};
				};
			};
			buildConfigurationList = F2827D7418D2064E00B97876 /* Build configuration list for PBXProject "Type" */;
			compatibilityVersion = "Xcode 3.2";
			developmentRegion = English;
			hasScannedForEncodings = 0;
			knownRegions = (
				en,
			);
			mainGroup = F2827D7018D2064E00B97876;
			productRefGroup = F2827D7A18D2064E00B97876 /* Products */;
			projectDirPath = "";
			projectRoot = "";
			targets = (
				F2827D7818D2064E00B97876 /* Type */,
				F2827D9818D2064E00B97876 /* TypeTests */,
			);
		};
/* End PBXProject section */

/* Begin PBXResourcesBuildPhase section */
		F2827D7718D2064E00B97876 /* Resources */ = {
			isa = PBXResourcesBuildPhase;
			buildActionMask = 2147483647;
			files = (
				F2F43F7118D787B300EF5A0A /* Raleway-Light.ttf in Resources */,
				F2827D8918D2064E00B97876 /* InfoPlist.strings in Resources */,
				F2827D9418D2064E00B97876 /* Images.xcassets in Resources */,
			);
			runOnlyForDeploymentPostprocessing = 0;
		};
		F2827D9718D2064E00B97876 /* Resources */ = {
			isa = PBXResourcesBuildPhase;
			buildActionMask = 2147483647;
			files = (
				F2827DA618D2064E00B97876 /* InfoPlist.strings in Resources */,
			);
			runOnlyForDeploymentPostprocessing = 0;
		};
/* End PBXResourcesBuildPhase section */

/* Begin PBXSourcesBuildPhase section */
		F2827D7518D2064E00B97876 /* Sources */ = {
			isa = PBXSourcesBuildPhase;
			buildActionMask = 2147483647;
			files = (
				F2F43F7418D7AAA900EF5A0A /* UIColor+HexString.m in Sources */,
				F2B7119218DC95C900E88E34 /* TYUtils.m in Sources */,
				F2A7280618E2EFCC0083E4A6 /* TYMovableCharactersLayer.m in Sources */,
				F2C6D81A18D3CA8800265BF3 /* TYDefaultAssembly.m in Sources */,
				F2D4139A18E784BF009918C3 /* easing.c in Sources */,
				F27FC53018F38E5D005AF1B6 /* TYMainViewController.m in Sources */,
				F2827DBC18D242E100B97876 /* TYCoreDataThoughtContext.m in Sources */,
				F2A7280918E32A070083E4A6 /* TYMovableCharactersLabel.m in Sources */,
				F2827D8F18D2064E00B97876 /* TYAppDelegate.m in Sources */,
				F2827D9218D2064E00B97876 /* Thoughts.xcdatamodeld in Sources */,
				F2B7118C18DB81D900E88E34 /* MTRandom.m in Sources */,
				F2B7119918DE114200E88E34 /* NSString+MatchedCharacterIndexes.m in Sources */,
				F28F2FB018F71F30004ECFEB /* TYMainView.m in Sources */,
				F266091818DA08800062A7B3 /* NSString+WordWrappedLineBreaks.m in Sources */,
				F2D4139418E5106C009918C3 /* TYSharedCharactersTransitionView.m in Sources */,
				F266EACA18FB348C00C1D0A3 /* TYUserDefaultsStringPersistor.m in Sources */,
				F2B7119618DE0D2500E88E34 /* NSString+CharactersAndIndexes.m in Sources */,
				F2827D8B18D2064E00B97876 /* main.m in Sources */,
				F2827DB318D20CC400B97876 /* TYCoreDataThought.m in Sources */,
				F2D4139718E5AEEB009918C3 /* TYScrollingTrackerView.m in Sources */,
				F2B7118F18DC5BFF00E88E34 /* NSMutableArray+pseudoRandomShuffle.m in Sources */,
				F27FC52918F24353005AF1B6 /* TYSlidingTextPositionTransitionView.m in Sources */,
				F2827DC418D3867200B97876 /* TYThoughtSpecification.m in Sources */,
			);
			runOnlyForDeploymentPostprocessing = 0;
		};
		F2827D9518D2064E00B97876 /* Sources */ = {
			isa = PBXSourcesBuildPhase;
			buildActionMask = 2147483647;
			files = (
				F266EACF18FB6A0000C1D0A3 /* TYCoreDataThoughtContextTests.m in Sources */,
			);
			runOnlyForDeploymentPostprocessing = 0;
		};
/* End PBXSourcesBuildPhase section */

/* Begin PBXTargetDependency section */
		F2827DA018D2064E00B97876 /* PBXTargetDependency */ = {
			isa = PBXTargetDependency;
			target = F2827D7818D2064E00B97876 /* Type */;
			targetProxy = F2827D9F18D2064E00B97876 /* PBXContainerItemProxy */;
		};
/* End PBXTargetDependency section */

/* Begin PBXVariantGroup section */
		F2827D8718D2064E00B97876 /* InfoPlist.strings */ = {
			isa = PBXVariantGroup;
			children = (
				F2827D8818D2064E00B97876 /* en */,
			);
			name = InfoPlist.strings;
			sourceTree = "<group>";
		};
		F2827DA418D2064E00B97876 /* InfoPlist.strings */ = {
			isa = PBXVariantGroup;
			children = (
				F2827DA518D2064E00B97876 /* en */,
			);
			name = InfoPlist.strings;
			sourceTree = "<group>";
		};
/* End PBXVariantGroup section */

/* Begin XCBuildConfiguration section */
		F2827DA918D2064E00B97876 /* Debug */ = {
			isa = XCBuildConfiguration;
			buildSettings = {
				ALWAYS_SEARCH_USER_PATHS = NO;
				CLANG_CXX_LANGUAGE_STANDARD = "gnu++0x";
				CLANG_CXX_LIBRARY = "libc++";
				CLANG_ENABLE_MODULES = YES;
				CLANG_ENABLE_OBJC_ARC = YES;
				CLANG_WARN_BOOL_CONVERSION = YES;
				CLANG_WARN_CONSTANT_CONVERSION = YES;
				CLANG_WARN_DIRECT_OBJC_ISA_USAGE = YES_ERROR;
				CLANG_WARN_EMPTY_BODY = YES;
				CLANG_WARN_ENUM_CONVERSION = YES;
				CLANG_WARN_INT_CONVERSION = YES;
				CLANG_WARN_OBJC_ROOT_CLASS = YES_ERROR;
				CLANG_WARN__DUPLICATE_METHOD_MATCH = YES;
				"CODE_SIGN_IDENTITY[sdk=iphoneos*]" = "iPhone Developer";
				COPY_PHASE_STRIP = NO;
				GCC_C_LANGUAGE_STANDARD = gnu99;
				GCC_DYNAMIC_NO_PIC = NO;
				GCC_OPTIMIZATION_LEVEL = 0;
				GCC_PREPROCESSOR_DEFINITIONS = (
					"DEBUG=1",
					"$(inherited)",
				);
				GCC_SYMBOLS_PRIVATE_EXTERN = NO;
				GCC_WARN_64_TO_32_BIT_CONVERSION = YES;
				GCC_WARN_ABOUT_RETURN_TYPE = YES_ERROR;
				GCC_WARN_UNDECLARED_SELECTOR = YES;
				GCC_WARN_UNINITIALIZED_AUTOS = YES_AGGRESSIVE;
				GCC_WARN_UNUSED_FUNCTION = YES;
				GCC_WARN_UNUSED_VARIABLE = YES;
				IPHONEOS_DEPLOYMENT_TARGET = 7.1;
				ONLY_ACTIVE_ARCH = YES;
				SDKROOT = iphoneos;
			};
			name = Debug;
		};
		F2827DAA18D2064E00B97876 /* Release */ = {
			isa = XCBuildConfiguration;
			buildSettings = {
				ALWAYS_SEARCH_USER_PATHS = NO;
				CLANG_CXX_LANGUAGE_STANDARD = "gnu++0x";
				CLANG_CXX_LIBRARY = "libc++";
				CLANG_ENABLE_MODULES = YES;
				CLANG_ENABLE_OBJC_ARC = YES;
				CLANG_WARN_BOOL_CONVERSION = YES;
				CLANG_WARN_CONSTANT_CONVERSION = YES;
				CLANG_WARN_DIRECT_OBJC_ISA_USAGE = YES_ERROR;
				CLANG_WARN_EMPTY_BODY = YES;
				CLANG_WARN_ENUM_CONVERSION = YES;
				CLANG_WARN_INT_CONVERSION = YES;
				CLANG_WARN_OBJC_ROOT_CLASS = YES_ERROR;
				CLANG_WARN__DUPLICATE_METHOD_MATCH = YES;
				"CODE_SIGN_IDENTITY[sdk=iphoneos*]" = "iPhone Developer";
				COPY_PHASE_STRIP = YES;
				ENABLE_NS_ASSERTIONS = NO;
				GCC_C_LANGUAGE_STANDARD = gnu99;
				GCC_WARN_64_TO_32_BIT_CONVERSION = YES;
				GCC_WARN_ABOUT_RETURN_TYPE = YES_ERROR;
				GCC_WARN_UNDECLARED_SELECTOR = YES;
				GCC_WARN_UNINITIALIZED_AUTOS = YES_AGGRESSIVE;
				GCC_WARN_UNUSED_FUNCTION = YES;
				GCC_WARN_UNUSED_VARIABLE = YES;
				IPHONEOS_DEPLOYMENT_TARGET = 7.1;
				SDKROOT = iphoneos;
				VALIDATE_PRODUCT = YES;
			};
			name = Release;
		};
		F2827DAC18D2064E00B97876 /* Debug */ = {
			isa = XCBuildConfiguration;
			buildSettings = {
				ASSETCATALOG_COMPILER_APPICON_NAME = AppIcon;
				ASSETCATALOG_COMPILER_LAUNCHIMAGE_NAME = LaunchImage;
				GCC_PRECOMPILE_PREFIX_HEADER = YES;
				GCC_PREFIX_HEADER = "Type/Type-Prefix.pch";
				INFOPLIST_FILE = "Type/Type-Info.plist";
				PRODUCT_NAME = Type;
				WRAPPER_EXTENSION = app;
			};
			name = Debug;
		};
		F2827DAD18D2064E00B97876 /* Release */ = {
			isa = XCBuildConfiguration;
			buildSettings = {
				ASSETCATALOG_COMPILER_APPICON_NAME = AppIcon;
				ASSETCATALOG_COMPILER_LAUNCHIMAGE_NAME = LaunchImage;
				GCC_PRECOMPILE_PREFIX_HEADER = YES;
				GCC_PREFIX_HEADER = "Type/Type-Prefix.pch";
				INFOPLIST_FILE = "Type/Type-Info.plist";
				PRODUCT_NAME = Type;
				WRAPPER_EXTENSION = app;
			};
			name = Release;
		};
		F2827DAF18D2064E00B97876 /* Debug */ = {
			isa = XCBuildConfiguration;
			buildSettings = {
				BUNDLE_LOADER = "$(BUILT_PRODUCTS_DIR)/Type.app/Type";
				FRAMEWORK_SEARCH_PATHS = (
					"$(SDKROOT)/Developer/Library/Frameworks",
					"$(inherited)",
					"$(DEVELOPER_FRAMEWORKS_DIR)",
				);
				GCC_PRECOMPILE_PREFIX_HEADER = YES;
				GCC_PREFIX_HEADER = "Type/Type-Prefix.pch";
				GCC_PREPROCESSOR_DEFINITIONS = (
					"DEBUG=1",
					"$(inherited)",
				);
				INFOPLIST_FILE = "TypeTests/TypeTests-Info.plist";
				PRODUCT_NAME = TypeTests;
				TEST_HOST = "$(BUNDLE_LOADER)";
				WRAPPER_EXTENSION = xctest;
			};
			name = Debug;
		};
		F2827DB018D2064E00B97876 /* Release */ = {
			isa = XCBuildConfiguration;
			buildSettings = {
				BUNDLE_LOADER = "$(BUILT_PRODUCTS_DIR)/Type.app/Type";
				FRAMEWORK_SEARCH_PATHS = (
					"$(SDKROOT)/Developer/Library/Frameworks",
					"$(inherited)",
					"$(DEVELOPER_FRAMEWORKS_DIR)",
				);
				GCC_PRECOMPILE_PREFIX_HEADER = YES;
				GCC_PREFIX_HEADER = "Type/Type-Prefix.pch";
				INFOPLIST_FILE = "TypeTests/TypeTests-Info.plist";
				PRODUCT_NAME = TypeTests;
				TEST_HOST = "$(BUNDLE_LOADER)";
				WRAPPER_EXTENSION = xctest;
			};
			name = Release;
		};
/* End XCBuildConfiguration section */

/* Begin XCConfigurationList section */
		F2827D7418D2064E00B97876 /* Build configuration list for PBXProject "Type" */ = {
			isa = XCConfigurationList;
			buildConfigurations = (
				F2827DA918D2064E00B97876 /* Debug */,
				F2827DAA18D2064E00B97876 /* Release */,
			);
			defaultConfigurationIsVisible = 0;
			defaultConfigurationName = Release;
		};
		F2827DAB18D2064E00B97876 /* Build configuration list for PBXNativeTarget "Type" */ = {
			isa = XCConfigurationList;
			buildConfigurations = (
				F2827DAC18D2064E00B97876 /* Debug */,
				F2827DAD18D2064E00B97876 /* Release */,
			);
			defaultConfigurationIsVisible = 0;
			defaultConfigurationName = Release;
		};
		F2827DAE18D2064E00B97876 /* Build configuration list for PBXNativeTarget "TypeTests" */ = {
			isa = XCConfigurationList;
			buildConfigurations = (
				F2827DAF18D2064E00B97876 /* Debug */,
				F2827DB018D2064E00B97876 /* Release */,
			);
			defaultConfigurationIsVisible = 0;
			defaultConfigurationName = Release;
		};
/* End XCConfigurationList section */

/* Begin XCVersionGroup section */
		F2827D9018D2064E00B97876 /* Thoughts.xcdatamodeld */ = {
			isa = XCVersionGroup;
			children = (
				F2827D9118D2064E00B97876 /* Thoughts.xcdatamodel */,
			);
			currentVersion = F2827D9118D2064E00B97876 /* Thoughts.xcdatamodel */;
			path = Thoughts.xcdatamodeld;
			sourceTree = "<group>";
			versionGroupType = wrapper.xcdatamodel;
		};
/* End XCVersionGroup section */
	};
	rootObject = F2827D7118D2064E00B97876 /* Project object */;
}
