// !$*UTF8*$!
{
	archiveVersion = 1;
	classes = {
	};
	objectVersion = 46;
	objects = {

/* Begin PBXBuildFile section */
		F266091818DA08800062A7B3 /* NSString+WordWrappedLineBreaks.m in Sources */ = {isa = PBXBuildFile; fileRef = F266091718DA08800062A7B3 /* NSString+WordWrappedLineBreaks.m */; };
		F270FFD518D7C326000846D2 /* TYTypingView.m in Sources */ = {isa = PBXBuildFile; fileRef = F270FFD418D7C326000846D2 /* TYTypingView.m */; };
		F2827D7D18D2064E00B97876 /* Foundation.framework in Frameworks */ = {isa = PBXBuildFile; fileRef = F2827D7C18D2064E00B97876 /* Foundation.framework */; };
		F2827D7F18D2064E00B97876 /* CoreGraphics.framework in Frameworks */ = {isa = PBXBuildFile; fileRef = F2827D7E18D2064E00B97876 /* CoreGraphics.framework */; };
		F2827D8118D2064E00B97876 /* UIKit.framework in Frameworks */ = {isa = PBXBuildFile; fileRef = F2827D8018D2064E00B97876 /* UIKit.framework */; };
		F2827D8318D2064E00B97876 /* CoreData.framework in Frameworks */ = {isa = PBXBuildFile; fileRef = F2827D8218D2064E00B97876 /* CoreData.framework */; };
		F2827D8918D2064E00B97876 /* InfoPlist.strings in Resources */ = {isa = PBXBuildFile; fileRef = F2827D8718D2064E00B97876 /* InfoPlist.strings */; };
		F2827D8B18D2064E00B97876 /* main.m in Sources */ = {isa = PBXBuildFile; fileRef = F2827D8A18D2064E00B97876 /* main.m */; };
		F2827D8F18D2064E00B97876 /* THAppDelegate.m in Sources */ = {isa = PBXBuildFile; fileRef = F2827D8E18D2064E00B97876 /* THAppDelegate.m */; };
		F2827D9218D2064E00B97876 /* Thoughts.xcdatamodeld in Sources */ = {isa = PBXBuildFile; fileRef = F2827D9018D2064E00B97876 /* Thoughts.xcdatamodeld */; };
		F2827D9418D2064E00B97876 /* Images.xcassets in Resources */ = {isa = PBXBuildFile; fileRef = F2827D9318D2064E00B97876 /* Images.xcassets */; };
		F2827D9B18D2064E00B97876 /* XCTest.framework in Frameworks */ = {isa = PBXBuildFile; fileRef = F2827D9A18D2064E00B97876 /* XCTest.framework */; };
		F2827D9C18D2064E00B97876 /* Foundation.framework in Frameworks */ = {isa = PBXBuildFile; fileRef = F2827D7C18D2064E00B97876 /* Foundation.framework */; };
		F2827D9D18D2064E00B97876 /* UIKit.framework in Frameworks */ = {isa = PBXBuildFile; fileRef = F2827D8018D2064E00B97876 /* UIKit.framework */; };
		F2827D9E18D2064E00B97876 /* CoreData.framework in Frameworks */ = {isa = PBXBuildFile; fileRef = F2827D8218D2064E00B97876 /* CoreData.framework */; };
		F2827DA618D2064E00B97876 /* InfoPlist.strings in Resources */ = {isa = PBXBuildFile; fileRef = F2827DA418D2064E00B97876 /* InfoPlist.strings */; };
		F2827DB318D20CC400B97876 /* THCoreDataThought.m in Sources */ = {isa = PBXBuildFile; fileRef = F2827DB218D20CC400B97876 /* THCoreDataThought.m */; };
		F2827DBC18D242E100B97876 /* THCoreDataThoughtContext.m in Sources */ = {isa = PBXBuildFile; fileRef = F2827DBB18D242E100B97876 /* THCoreDataThoughtContext.m */; };
		F2827DC418D3867200B97876 /* THThoughtSpecification.m in Sources */ = {isa = PBXBuildFile; fileRef = F2827DC318D3867200B97876 /* THThoughtSpecification.m */; };
		F2B33C1A18D4C8F700DBF058 /* THCoreDataThoughtContextTests.m in Sources */ = {isa = PBXBuildFile; fileRef = F2B33C1918D4C8F700DBF058 /* THCoreDataThoughtContextTests.m */; };
		F2B33C1D18D6375F00DBF058 /* THTestingViewController.m in Sources */ = {isa = PBXBuildFile; fileRef = F2B33C1C18D6375F00DBF058 /* THTestingViewController.m */; };
		F2B7118918DB64D100E88E34 /* TYTextSharedCharactersTransitionView.m in Sources */ = {isa = PBXBuildFile; fileRef = F2B7118818DB64D100E88E34 /* TYTextSharedCharactersTransitionView.m */; };
		F2B7118C18DB81D900E88E34 /* MTRandom.m in Sources */ = {isa = PBXBuildFile; fileRef = F2B7118B18DB81D900E88E34 /* MTRandom.m */; };
		F2C6D81A18D3CA8800265BF3 /* THDefaultAssembly.m in Sources */ = {isa = PBXBuildFile; fileRef = F2C6D81318D3CA8800265BF3 /* THDefaultAssembly.m */; };
		F2C6D81B18D3CA8800265BF3 /* THMainViewController.m in Sources */ = {isa = PBXBuildFile; fileRef = F2C6D81518D3CA8800265BF3 /* THMainViewController.m */; };
		F2C6D81C18D3CA8800265BF3 /* THMainView.m in Sources */ = {isa = PBXBuildFile; fileRef = F2C6D81718D3CA8800265BF3 /* THMainView.m */; };
		F2C6D81D18D3CA8800265BF3 /* THThoughtView.m in Sources */ = {isa = PBXBuildFile; fileRef = F2C6D81918D3CA8800265BF3 /* THThoughtView.m */; };
		F2D237BD18D4735D003D7BA6 /* TYIndividualCharacterLabelsView.m in Sources */ = {isa = PBXBuildFile; fileRef = F2D237BC18D4735D003D7BA6 /* TYIndividualCharacterLabelsView.m */; };
		F2F43F6B18D7833100EF5A0A /* TYMainView.m in Sources */ = {isa = PBXBuildFile; fileRef = F2F43F6A18D7833100EF5A0A /* TYMainView.m */; };
		F2F43F6E18D783B200EF5A0A /* TYMainViewController.m in Sources */ = {isa = PBXBuildFile; fileRef = F2F43F6D18D783B200EF5A0A /* TYMainViewController.m */; };
		F2F43F7118D787B300EF5A0A /* Raleway-Light.ttf in Resources */ = {isa = PBXBuildFile; fileRef = F2F43F6F18D7868A00EF5A0A /* Raleway-Light.ttf */; };
		F2F43F7418D7AAA900EF5A0A /* UIColor+HexString.m in Sources */ = {isa = PBXBuildFile; fileRef = F2F43F7318D7AAA900EF5A0A /* UIColor+HexString.m */; };
/* End PBXBuildFile section */

/* Begin PBXContainerItemProxy section */
		F2827D9F18D2064E00B97876 /* PBXContainerItemProxy */ = {
			isa = PBXContainerItemProxy;
			containerPortal = F2827D7118D2064E00B97876 /* Project object */;
			proxyType = 1;
			remoteGlobalIDString = F2827D7818D2064E00B97876;
			remoteInfo = Thoughts;
		};
/* End PBXContainerItemProxy section */

/* Begin PBXFileReference section */
		F266091618DA08800062A7B3 /* NSString+WordWrappedLineBreaks.h */ = {isa = PBXFileReference; fileEncoding = 4; lastKnownFileType = sourcecode.c.h; path = "NSString+WordWrappedLineBreaks.h"; sourceTree = "<group>"; };
		F266091718DA08800062A7B3 /* NSString+WordWrappedLineBreaks.m */ = {isa = PBXFileReference; fileEncoding = 4; lastKnownFileType = sourcecode.c.objc; path = "NSString+WordWrappedLineBreaks.m"; sourceTree = "<group>"; };
		F270FFD318D7C326000846D2 /* TYTypingView.h */ = {isa = PBXFileReference; fileEncoding = 4; lastKnownFileType = sourcecode.c.h; path = TYTypingView.h; sourceTree = "<group>"; };
		F270FFD418D7C326000846D2 /* TYTypingView.m */ = {isa = PBXFileReference; fileEncoding = 4; lastKnownFileType = sourcecode.c.objc; path = TYTypingView.m; sourceTree = "<group>"; };
		F2827D7918D2064E00B97876 /* Type.app */ = {isa = PBXFileReference; explicitFileType = wrapper.application; includeInIndex = 0; path = Type.app; sourceTree = BUILT_PRODUCTS_DIR; };
		F2827D7C18D2064E00B97876 /* Foundation.framework */ = {isa = PBXFileReference; lastKnownFileType = wrapper.framework; name = Foundation.framework; path = System/Library/Frameworks/Foundation.framework; sourceTree = SDKROOT; };
		F2827D7E18D2064E00B97876 /* CoreGraphics.framework */ = {isa = PBXFileReference; lastKnownFileType = wrapper.framework; name = CoreGraphics.framework; path = System/Library/Frameworks/CoreGraphics.framework; sourceTree = SDKROOT; };
		F2827D8018D2064E00B97876 /* UIKit.framework */ = {isa = PBXFileReference; lastKnownFileType = wrapper.framework; name = UIKit.framework; path = System/Library/Frameworks/UIKit.framework; sourceTree = SDKROOT; };
		F2827D8218D2064E00B97876 /* CoreData.framework */ = {isa = PBXFileReference; lastKnownFileType = wrapper.framework; name = CoreData.framework; path = System/Library/Frameworks/CoreData.framework; sourceTree = SDKROOT; };
		F2827D8618D2064E00B97876 /* Type-Info.plist */ = {isa = PBXFileReference; lastKnownFileType = text.plist.xml; path = "Type-Info.plist"; sourceTree = "<group>"; };
		F2827D8818D2064E00B97876 /* en */ = {isa = PBXFileReference; lastKnownFileType = text.plist.strings; name = en; path = en.lproj/InfoPlist.strings; sourceTree = "<group>"; };
		F2827D8A18D2064E00B97876 /* main.m */ = {isa = PBXFileReference; lastKnownFileType = sourcecode.c.objc; path = main.m; sourceTree = "<group>"; };
		F2827D8C18D2064E00B97876 /* Type-Prefix.pch */ = {isa = PBXFileReference; lastKnownFileType = sourcecode.c.h; path = "Type-Prefix.pch"; sourceTree = "<group>"; };
		F2827D8D18D2064E00B97876 /* THAppDelegate.h */ = {isa = PBXFileReference; lastKnownFileType = sourcecode.c.h; path = THAppDelegate.h; sourceTree = "<group>"; };
		F2827D8E18D2064E00B97876 /* THAppDelegate.m */ = {isa = PBXFileReference; lastKnownFileType = sourcecode.c.objc; path = THAppDelegate.m; sourceTree = "<group>"; };
		F2827D9118D2064E00B97876 /* Thoughts.xcdatamodel */ = {isa = PBXFileReference; lastKnownFileType = wrapper.xcdatamodel; path = Thoughts.xcdatamodel; sourceTree = "<group>"; };
		F2827D9318D2064E00B97876 /* Images.xcassets */ = {isa = PBXFileReference; lastKnownFileType = folder.assetcatalog; path = Images.xcassets; sourceTree = "<group>"; };
		F2827D9918D2064E00B97876 /* TypeTests.xctest */ = {isa = PBXFileReference; explicitFileType = wrapper.cfbundle; includeInIndex = 0; path = TypeTests.xctest; sourceTree = BUILT_PRODUCTS_DIR; };
		F2827D9A18D2064E00B97876 /* XCTest.framework */ = {isa = PBXFileReference; lastKnownFileType = wrapper.framework; name = XCTest.framework; path = Library/Frameworks/XCTest.framework; sourceTree = DEVELOPER_DIR; };
		F2827DA318D2064E00B97876 /* TypeTests-Info.plist */ = {isa = PBXFileReference; lastKnownFileType = text.plist.xml; path = "TypeTests-Info.plist"; sourceTree = "<group>"; };
		F2827DA518D2064E00B97876 /* en */ = {isa = PBXFileReference; lastKnownFileType = text.plist.strings; name = en; path = en.lproj/InfoPlist.strings; sourceTree = "<group>"; };
		F2827DB118D20CC400B97876 /* THCoreDataThought.h */ = {isa = PBXFileReference; fileEncoding = 4; lastKnownFileType = sourcecode.c.h; path = THCoreDataThought.h; sourceTree = "<group>"; };
		F2827DB218D20CC400B97876 /* THCoreDataThought.m */ = {isa = PBXFileReference; fileEncoding = 4; lastKnownFileType = sourcecode.c.objc; path = THCoreDataThought.m; sourceTree = "<group>"; };
		F2827DB418D23D7400B97876 /* THThought.h */ = {isa = PBXFileReference; lastKnownFileType = sourcecode.c.h; path = THThought.h; sourceTree = "<group>"; };
		F2827DBA18D242E100B97876 /* THCoreDataThoughtContext.h */ = {isa = PBXFileReference; fileEncoding = 4; lastKnownFileType = sourcecode.c.h; path = THCoreDataThoughtContext.h; sourceTree = "<group>"; };
		F2827DBB18D242E100B97876 /* THCoreDataThoughtContext.m */ = {isa = PBXFileReference; fileEncoding = 4; lastKnownFileType = sourcecode.c.objc; path = THCoreDataThoughtContext.m; sourceTree = "<group>"; };
		F2827DC218D3867200B97876 /* THThoughtSpecification.h */ = {isa = PBXFileReference; fileEncoding = 4; lastKnownFileType = sourcecode.c.h; path = THThoughtSpecification.h; sourceTree = "<group>"; };
		F2827DC318D3867200B97876 /* THThoughtSpecification.m */ = {isa = PBXFileReference; fileEncoding = 4; lastKnownFileType = sourcecode.c.objc; path = THThoughtSpecification.m; sourceTree = "<group>"; };
		F2827DC518D3B38400B97876 /* THThoughtContext.h */ = {isa = PBXFileReference; lastKnownFileType = sourcecode.c.h; path = THThoughtContext.h; sourceTree = "<group>"; };
		F2B33C1918D4C8F700DBF058 /* THCoreDataThoughtContextTests.m */ = {isa = PBXFileReference; fileEncoding = 4; lastKnownFileType = sourcecode.c.objc; path = THCoreDataThoughtContextTests.m; sourceTree = "<group>"; };
		F2B33C1B18D6375F00DBF058 /* THTestingViewController.h */ = {isa = PBXFileReference; fileEncoding = 4; lastKnownFileType = sourcecode.c.h; path = THTestingViewController.h; sourceTree = "<group>"; };
		F2B33C1C18D6375F00DBF058 /* THTestingViewController.m */ = {isa = PBXFileReference; fileEncoding = 4; lastKnownFileType = sourcecode.c.objc; path = THTestingViewController.m; sourceTree = "<group>"; };
		F2B7118718DB64D100E88E34 /* TYTextSharedCharactersTransitionView.h */ = {isa = PBXFileReference; fileEncoding = 4; lastKnownFileType = sourcecode.c.h; path = TYTextSharedCharactersTransitionView.h; sourceTree = "<group>"; };
		F2B7118818DB64D100E88E34 /* TYTextSharedCharactersTransitionView.m */ = {isa = PBXFileReference; fileEncoding = 4; lastKnownFileType = sourcecode.c.objc; path = TYTextSharedCharactersTransitionView.m; sourceTree = "<group>"; };
		F2B7118A18DB81D900E88E34 /* MTRandom.h */ = {isa = PBXFileReference; fileEncoding = 4; lastKnownFileType = sourcecode.c.h; path = MTRandom.h; sourceTree = "<group>"; };
		F2B7118B18DB81D900E88E34 /* MTRandom.m */ = {isa = PBXFileReference; fileEncoding = 4; lastKnownFileType = sourcecode.c.objc; path = MTRandom.m; sourceTree = "<group>"; };
		F2C6D81118D3CA8800265BF3 /* THAssembly.h */ = {isa = PBXFileReference; fileEncoding = 4; lastKnownFileType = sourcecode.c.h; path = THAssembly.h; sourceTree = "<group>"; };
		F2C6D81218D3CA8800265BF3 /* THDefaultAssembly.h */ = {isa = PBXFileReference; fileEncoding = 4; lastKnownFileType = sourcecode.c.h; path = THDefaultAssembly.h; sourceTree = "<group>"; };
		F2C6D81318D3CA8800265BF3 /* THDefaultAssembly.m */ = {isa = PBXFileReference; fileEncoding = 4; lastKnownFileType = sourcecode.c.objc; path = THDefaultAssembly.m; sourceTree = "<group>"; };
		F2C6D81418D3CA8800265BF3 /* THMainViewController.h */ = {isa = PBXFileReference; fileEncoding = 4; lastKnownFileType = sourcecode.c.h; path = THMainViewController.h; sourceTree = "<group>"; };
		F2C6D81518D3CA8800265BF3 /* THMainViewController.m */ = {isa = PBXFileReference; fileEncoding = 4; lastKnownFileType = sourcecode.c.objc; path = THMainViewController.m; sourceTree = "<group>"; };
		F2C6D81618D3CA8800265BF3 /* THMainView.h */ = {isa = PBXFileReference; fileEncoding = 4; lastKnownFileType = sourcecode.c.h; path = THMainView.h; sourceTree = "<group>"; };
		F2C6D81718D3CA8800265BF3 /* THMainView.m */ = {isa = PBXFileReference; fileEncoding = 4; lastKnownFileType = sourcecode.c.objc; path = THMainView.m; sourceTree = "<group>"; };
		F2C6D81818D3CA8800265BF3 /* THThoughtView.h */ = {isa = PBXFileReference; fileEncoding = 4; lastKnownFileType = sourcecode.c.h; path = THThoughtView.h; sourceTree = "<group>"; };
		F2C6D81918D3CA8800265BF3 /* THThoughtView.m */ = {isa = PBXFileReference; fileEncoding = 4; lastKnownFileType = sourcecode.c.objc; path = THThoughtView.m; sourceTree = "<group>"; };
		F2D237BB18D4735D003D7BA6 /* TYIndividualCharacterLabelsView.h */ = {isa = PBXFileReference; fileEncoding = 4; lastKnownFileType = sourcecode.c.h; path = TYIndividualCharacterLabelsView.h; sourceTree = "<group>"; };
		F2D237BC18D4735D003D7BA6 /* TYIndividualCharacterLabelsView.m */ = {isa = PBXFileReference; fileEncoding = 4; lastKnownFileType = sourcecode.c.objc; path = TYIndividualCharacterLabelsView.m; sourceTree = "<group>"; };
		F2F43F6918D7833100EF5A0A /* TYMainView.h */ = {isa = PBXFileReference; fileEncoding = 4; lastKnownFileType = sourcecode.c.h; path = TYMainView.h; sourceTree = "<group>"; };
		F2F43F6A18D7833100EF5A0A /* TYMainView.m */ = {isa = PBXFileReference; fileEncoding = 4; lastKnownFileType = sourcecode.c.objc; path = TYMainView.m; sourceTree = "<group>"; };
		F2F43F6C18D783B200EF5A0A /* TYMainViewController.h */ = {isa = PBXFileReference; fileEncoding = 4; lastKnownFileType = sourcecode.c.h; path = TYMainViewController.h; sourceTree = "<group>"; };
		F2F43F6D18D783B200EF5A0A /* TYMainViewController.m */ = {isa = PBXFileReference; fileEncoding = 4; lastKnownFileType = sourcecode.c.objc; path = TYMainViewController.m; sourceTree = "<group>"; };
		F2F43F6F18D7868A00EF5A0A /* Raleway-Light.ttf */ = {isa = PBXFileReference; lastKnownFileType = file; path = "Raleway-Light.ttf"; sourceTree = "<group>"; };
		F2F43F7218D7AAA900EF5A0A /* UIColor+HexString.h */ = {isa = PBXFileReference; fileEncoding = 4; lastKnownFileType = sourcecode.c.h; path = "UIColor+HexString.h"; sourceTree = "<group>"; };
		F2F43F7318D7AAA900EF5A0A /* UIColor+HexString.m */ = {isa = PBXFileReference; fileEncoding = 4; lastKnownFileType = sourcecode.c.objc; path = "UIColor+HexString.m"; sourceTree = "<group>"; };
/* End PBXFileReference section */

/* Begin PBXFrameworksBuildPhase section */
		F2827D7618D2064E00B97876 /* Frameworks */ = {
			isa = PBXFrameworksBuildPhase;
			buildActionMask = 2147483647;
			files = (
				F2827D7F18D2064E00B97876 /* CoreGraphics.framework in Frameworks */,
				F2827D8318D2064E00B97876 /* CoreData.framework in Frameworks */,
				F2827D8118D2064E00B97876 /* UIKit.framework in Frameworks */,
				F2827D7D18D2064E00B97876 /* Foundation.framework in Frameworks */,
			);
			runOnlyForDeploymentPostprocessing = 0;
		};
		F2827D9618D2064E00B97876 /* Frameworks */ = {
			isa = PBXFrameworksBuildPhase;
			buildActionMask = 2147483647;
			files = (
				F2827D9B18D2064E00B97876 /* XCTest.framework in Frameworks */,
				F2827D9E18D2064E00B97876 /* CoreData.framework in Frameworks */,
				F2827D9D18D2064E00B97876 /* UIKit.framework in Frameworks */,
				F2827D9C18D2064E00B97876 /* Foundation.framework in Frameworks */,
			);
			runOnlyForDeploymentPostprocessing = 0;
		};
/* End PBXFrameworksBuildPhase section */

/* Begin PBXGroup section */
		F266091918DA33230062A7B3 /* 3rd Party */ = {
			isa = PBXGroup;
			children = (
				F2B7118A18DB81D900E88E34 /* MTRandom.h */,
				F2B7118B18DB81D900E88E34 /* MTRandom.m */,
				F2F43F7218D7AAA900EF5A0A /* UIColor+HexString.h */,
				F2F43F7318D7AAA900EF5A0A /* UIColor+HexString.m */,
			);
			name = "3rd Party";
			path = Thoughts;
			sourceTree = "<group>";
		};
		F2827D7018D2064E00B97876 = {
			isa = PBXGroup;
			children = (
				F266091918DA33230062A7B3 /* 3rd Party */,
				F2827D8418D2064E00B97876 /* Type */,
				F2827DA118D2064E00B97876 /* TypeTests */,
				F2827D7B18D2064E00B97876 /* Frameworks */,
				F2827D7A18D2064E00B97876 /* Products */,
			);
			sourceTree = "<group>";
		};
		F2827D7A18D2064E00B97876 /* Products */ = {
			isa = PBXGroup;
			children = (
				F2827D7918D2064E00B97876 /* Type.app */,
				F2827D9918D2064E00B97876 /* TypeTests.xctest */,
			);
			name = Products;
			sourceTree = "<group>";
		};
		F2827D7B18D2064E00B97876 /* Frameworks */ = {
			isa = PBXGroup;
			children = (
				F2827D7C18D2064E00B97876 /* Foundation.framework */,
				F2827D7E18D2064E00B97876 /* CoreGraphics.framework */,
				F2827D8018D2064E00B97876 /* UIKit.framework */,
				F2827D8218D2064E00B97876 /* CoreData.framework */,
				F2827D9A18D2064E00B97876 /* XCTest.framework */,
			);
			name = Frameworks;
			sourceTree = "<group>";
		};
		F2827D8418D2064E00B97876 /* Type */ = {
			isa = PBXGroup;
			children = (
				F2F43F6818D77CEA00EF5A0A /* Reusable */,
				F2C6D81018D3C9A700265BF3 /* AppDelegate */,
				F2C6D81E18D3CABE00265BF3 /* Assembly */,
				F2C6D81418D3CA8800265BF3 /* THMainViewController.h */,
				F2C6D81518D3CA8800265BF3 /* THMainViewController.m */,
				F2C6D81618D3CA8800265BF3 /* THMainView.h */,
				F2C6D81718D3CA8800265BF3 /* THMainView.m */,
				F2F43F6C18D783B200EF5A0A /* TYMainViewController.h */,
				F2F43F6D18D783B200EF5A0A /* TYMainViewController.m */,
				F2F43F6918D7833100EF5A0A /* TYMainView.h */,
				F2F43F6A18D7833100EF5A0A /* TYMainView.m */,
				F270FFD318D7C326000846D2 /* TYTypingView.h */,
				F270FFD418D7C326000846D2 /* TYTypingView.m */,
				F2C6D81818D3CA8800265BF3 /* THThoughtView.h */,
				F2C6D81918D3CA8800265BF3 /* THThoughtView.m */,
				F2B33C1B18D6375F00DBF058 /* THTestingViewController.h */,
				F2B33C1C18D6375F00DBF058 /* THTestingViewController.m */,
				F2827DB618D240CC00B97876 /* Domain */,
				F2F43F7018D7868E00EF5A0A /* Fonts */,
				F2827D8518D2064E00B97876 /* Supporting Files */,
			);
			name = Type;
			path = Thoughts;
			sourceTree = "<group>";
		};
		F2827D8518D2064E00B97876 /* Supporting Files */ = {
			isa = PBXGroup;
			children = (
				F2827D9318D2064E00B97876 /* Images.xcassets */,
				F2827D8618D2064E00B97876 /* Type-Info.plist */,
				F2827D8718D2064E00B97876 /* InfoPlist.strings */,
				F2827D8A18D2064E00B97876 /* main.m */,
				F2827D8C18D2064E00B97876 /* Type-Prefix.pch */,
			);
			name = "Supporting Files";
			sourceTree = "<group>";
		};
		F2827DA118D2064E00B97876 /* TypeTests */ = {
			isa = PBXGroup;
			children = (
				F2B33C1918D4C8F700DBF058 /* THCoreDataThoughtContextTests.m */,
				F2827DA218D2064E00B97876 /* Supporting Files */,
			);
			name = TypeTests;
			path = ThoughtsTests;
			sourceTree = "<group>";
		};
		F2827DA218D2064E00B97876 /* Supporting Files */ = {
			isa = PBXGroup;
			children = (
				F2827DA318D2064E00B97876 /* TypeTests-Info.plist */,
				F2827DA418D2064E00B97876 /* InfoPlist.strings */,
			);
			name = "Supporting Files";
			sourceTree = "<group>";
		};
		F2827DB618D240CC00B97876 /* Domain */ = {
			isa = PBXGroup;
			children = (
				F2C6D80C18D3B6DE00265BF3 /* Thought */,
				F2C6D80B18D3B6CA00265BF3 /* ThoughtSpecification */,
				F2C6D80D18D3B6E400265BF3 /* ThoughtContext */,
				F2827D9018D2064E00B97876 /* Thoughts.xcdatamodeld */,
			);
			name = Domain;
			sourceTree = "<group>";
		};
		F2C6D80B18D3B6CA00265BF3 /* ThoughtSpecification */ = {
			isa = PBXGroup;
			children = (
				F2827DC218D3867200B97876 /* THThoughtSpecification.h */,
				F2827DC318D3867200B97876 /* THThoughtSpecification.m */,
			);
			name = ThoughtSpecification;
			sourceTree = "<group>";
		};
		F2C6D80C18D3B6DE00265BF3 /* Thought */ = {
			isa = PBXGroup;
			children = (
				F2827DB418D23D7400B97876 /* THThought.h */,
				F2C6D80F18D3B6F000265BF3 /* CoreData */,
			);
			name = Thought;
			sourceTree = "<group>";
		};
		F2C6D80D18D3B6E400265BF3 /* ThoughtContext */ = {
			isa = PBXGroup;
			children = (
				F2827DC518D3B38400B97876 /* THThoughtContext.h */,
				F2C6D80E18D3B6EA00265BF3 /* CoreData */,
			);
			name = ThoughtContext;
			sourceTree = "<group>";
		};
		F2C6D80E18D3B6EA00265BF3 /* CoreData */ = {
			isa = PBXGroup;
			children = (
				F2827DBA18D242E100B97876 /* THCoreDataThoughtContext.h */,
				F2827DBB18D242E100B97876 /* THCoreDataThoughtContext.m */,
			);
			name = CoreData;
			sourceTree = "<group>";
		};
		F2C6D80F18D3B6F000265BF3 /* CoreData */ = {
			isa = PBXGroup;
			children = (
				F2827DB118D20CC400B97876 /* THCoreDataThought.h */,
				F2827DB218D20CC400B97876 /* THCoreDataThought.m */,
			);
			name = CoreData;
			sourceTree = "<group>";
		};
		F2C6D81018D3C9A700265BF3 /* AppDelegate */ = {
			isa = PBXGroup;
			children = (
				F2827D8D18D2064E00B97876 /* THAppDelegate.h */,
				F2827D8E18D2064E00B97876 /* THAppDelegate.m */,
			);
			name = AppDelegate;
			sourceTree = "<group>";
		};
		F2C6D81E18D3CABE00265BF3 /* Assembly */ = {
			isa = PBXGroup;
			children = (
				F2C6D81118D3CA8800265BF3 /* THAssembly.h */,
				F2C6D81F18D3CAD000265BF3 /* Default */,
			);
			name = Assembly;
			sourceTree = "<group>";
		};
		F2C6D81F18D3CAD000265BF3 /* Default */ = {
			isa = PBXGroup;
			children = (
				F2C6D81218D3CA8800265BF3 /* THDefaultAssembly.h */,
				F2C6D81318D3CA8800265BF3 /* THDefaultAssembly.m */,
			);
			name = Default;
			sourceTree = "<group>";
		};
		F2F43F6818D77CEA00EF5A0A /* Reusable */ = {
			isa = PBXGroup;
			children = (
				F2D237BB18D4735D003D7BA6 /* TYIndividualCharacterLabelsView.h */,
				F2D237BC18D4735D003D7BA6 /* TYIndividualCharacterLabelsView.m */,
				F2B7118718DB64D100E88E34 /* TYTextSharedCharactersTransitionView.h */,
				F2B7118818DB64D100E88E34 /* TYTextSharedCharactersTransitionView.m */,
				F2F43F7518D7AAAC00EF5A0A /* Categories */,
			);
			name = Reusable;
			sourceTree = "<group>";
		};
		F2F43F7018D7868E00EF5A0A /* Fonts */ = {
			isa = PBXGroup;
			children = (
				F2F43F6F18D7868A00EF5A0A /* Raleway-Light.ttf */,
			);
			name = Fonts;
			sourceTree = "<group>";
		};
		F2F43F7518D7AAAC00EF5A0A /* Categories */ = {
			isa = PBXGroup;
			children = (
				F266091618DA08800062A7B3 /* NSString+WordWrappedLineBreaks.h */,
				F266091718DA08800062A7B3 /* NSString+WordWrappedLineBreaks.m */,
			);
			name = Categories;
			sourceTree = "<group>";
		};
/* End PBXGroup section */

/* Begin PBXNativeTarget section */
		F2827D7818D2064E00B97876 /* Type */ = {
			isa = PBXNativeTarget;
			buildConfigurationList = F2827DAB18D2064E00B97876 /* Build configuration list for PBXNativeTarget "Type" */;
			buildPhases = (
				F2827D7518D2064E00B97876 /* Sources */,
				F2827D7618D2064E00B97876 /* Frameworks */,
				F2827D7718D2064E00B97876 /* Resources */,
			);
			buildRules = (
			);
			dependencies = (
			);
			name = Type;
			productName = Thoughts;
			productReference = F2827D7918D2064E00B97876 /* Type.app */;
			productType = "com.apple.product-type.application";
		};
		F2827D9818D2064E00B97876 /* TypeTests */ = {
			isa = PBXNativeTarget;
			buildConfigurationList = F2827DAE18D2064E00B97876 /* Build configuration list for PBXNativeTarget "TypeTests" */;
			buildPhases = (
				F2827D9518D2064E00B97876 /* Sources */,
				F2827D9618D2064E00B97876 /* Frameworks */,
				F2827D9718D2064E00B97876 /* Resources */,
			);
			buildRules = (
			);
			dependencies = (
				F2827DA018D2064E00B97876 /* PBXTargetDependency */,
			);
			name = TypeTests;
			productName = ThoughtsTests;
			productReference = F2827D9918D2064E00B97876 /* TypeTests.xctest */;
			productType = "com.apple.product-type.bundle.unit-test";
		};
/* End PBXNativeTarget section */

/* Begin PBXProject section */
		F2827D7118D2064E00B97876 /* Project object */ = {
			isa = PBXProject;
			attributes = {
				CLASSPREFIX = TH;
				LastUpgradeCheck = 0510;
				ORGANIZATIONNAME = "Dom Chapman";
				TargetAttributes = {
					F2827D9818D2064E00B97876 = {
						TestTargetID = F2827D7818D2064E00B97876;
					};
				};
			};
			buildConfigurationList = F2827D7418D2064E00B97876 /* Build configuration list for PBXProject "Type" */;
			compatibilityVersion = "Xcode 3.2";
			developmentRegion = English;
			hasScannedForEncodings = 0;
			knownRegions = (
				en,
			);
			mainGroup = F2827D7018D2064E00B97876;
			productRefGroup = F2827D7A18D2064E00B97876 /* Products */;
			projectDirPath = "";
			projectRoot = "";
			targets = (
				F2827D7818D2064E00B97876 /* Type */,
				F2827D9818D2064E00B97876 /* TypeTests */,
			);
		};
/* End PBXProject section */

/* Begin PBXResourcesBuildPhase section */
		F2827D7718D2064E00B97876 /* Resources */ = {
			isa = PBXResourcesBuildPhase;
			buildActionMask = 2147483647;
			files = (
				F2F43F7118D787B300EF5A0A /* Raleway-Light.ttf in Resources */,
				F2827D8918D2064E00B97876 /* InfoPlist.strings in Resources */,
				F2827D9418D2064E00B97876 /* Images.xcassets in Resources */,
			);
			runOnlyForDeploymentPostprocessing = 0;
		};
		F2827D9718D2064E00B97876 /* Resources */ = {
			isa = PBXResourcesBuildPhase;
			buildActionMask = 2147483647;
			files = (
				F2827DA618D2064E00B97876 /* InfoPlist.strings in Resources */,
			);
			runOnlyForDeploymentPostprocessing = 0;
		};
/* End PBXResourcesBuildPhase section */

/* Begin PBXSourcesBuildPhase section */
		F2827D7518D2064E00B97876 /* Sources */ = {
			isa = PBXSourcesBuildPhase;
			buildActionMask = 2147483647;
			files = (
				F2F43F7418D7AAA900EF5A0A /* UIColor+HexString.m in Sources */,
				F2C6D81A18D3CA8800265BF3 /* THDefaultAssembly.m in Sources */,
				F2C6D81B18D3CA8800265BF3 /* THMainViewController.m in Sources */,
				F2C6D81C18D3CA8800265BF3 /* THMainView.m in Sources */,
				F2827DBC18D242E100B97876 /* THCoreDataThoughtContext.m in Sources */,
				F2F43F6B18D7833100EF5A0A /* TYMainView.m in Sources */,
				F2B7118918DB64D100E88E34 /* TYTextSharedCharactersTransitionView.m in Sources */,
				F2C6D81D18D3CA8800265BF3 /* THThoughtView.m in Sources */,
				F2827D8F18D2064E00B97876 /* THAppDelegate.m in Sources */,
				F2827D9218D2064E00B97876 /* Thoughts.xcdatamodeld in Sources */,
				F2F43F6E18D783B200EF5A0A /* TYMainViewController.m in Sources */,
				F2B7118C18DB81D900E88E34 /* MTRandom.m in Sources */,
				F266091818DA08800062A7B3 /* NSString+WordWrappedLineBreaks.m in Sources */,
				F2827D8B18D2064E00B97876 /* main.m in Sources */,
				F2827DB318D20CC400B97876 /* THCoreDataThought.m in Sources */,
				F270FFD518D7C326000846D2 /* TYTypingView.m in Sources */,
				F2B33C1D18D6375F00DBF058 /* THTestingViewController.m in Sources */,
				F2D237BD18D4735D003D7BA6 /* TYIndividualCharacterLabelsView.m in Sources */,
				F2827DC418D3867200B97876 /* THThoughtSpecification.m in Sources */,
			);
			runOnlyForDeploymentPostprocessing = 0;
		};
		F2827D9518D2064E00B97876 /* Sources */ = {
			isa = PBXSourcesBuildPhase;
			buildActionMask = 2147483647;
			files = (
				F2B33C1A18D4C8F700DBF058 /* THCoreDataThoughtContextTests.m in Sources */,
			);
			runOnlyForDeploymentPostprocessing = 0;
		};
/* End PBXSourcesBuildPhase section */

/* Begin PBXTargetDependency section */
		F2827DA018D2064E00B97876 /* PBXTargetDependency */ = {
			isa = PBXTargetDependency;
			target = F2827D7818D2064E00B97876 /* Type */;
			targetProxy = F2827D9F18D2064E00B97876 /* PBXContainerItemProxy */;
		};
/* End PBXTargetDependency section */

/* Begin PBXVariantGroup section */
		F2827D8718D2064E00B97876 /* InfoPlist.strings */ = {
			isa = PBXVariantGroup;
			children = (
				F2827D8818D2064E00B97876 /* en */,
			);
			name = InfoPlist.strings;
			sourceTree = "<group>";
		};
		F2827DA418D2064E00B97876 /* InfoPlist.strings */ = {
			isa = PBXVariantGroup;
			children = (
				F2827DA518D2064E00B97876 /* en */,
			);
			name = InfoPlist.strings;
			sourceTree = "<group>";
		};
/* End PBXVariantGroup section */

/* Begin XCBuildConfiguration section */
		F2827DA918D2064E00B97876 /* Debug */ = {
			isa = XCBuildConfiguration;
			buildSettings = {
				ALWAYS_SEARCH_USER_PATHS = NO;
				CLANG_CXX_LANGUAGE_STANDARD = "gnu++0x";
				CLANG_CXX_LIBRARY = "libc++";
				CLANG_ENABLE_MODULES = YES;
				CLANG_ENABLE_OBJC_ARC = YES;
				CLANG_WARN_BOOL_CONVERSION = YES;
				CLANG_WARN_CONSTANT_CONVERSION = YES;
				CLANG_WARN_DIRECT_OBJC_ISA_USAGE = YES_ERROR;
				CLANG_WARN_EMPTY_BODY = YES;
				CLANG_WARN_ENUM_CONVERSION = YES;
				CLANG_WARN_INT_CONVERSION = YES;
				CLANG_WARN_OBJC_ROOT_CLASS = YES_ERROR;
				CLANG_WARN__DUPLICATE_METHOD_MATCH = YES;
				"CODE_SIGN_IDENTITY[sdk=iphoneos*]" = "iPhone Developer";
				COPY_PHASE_STRIP = NO;
				GCC_C_LANGUAGE_STANDARD = gnu99;
				GCC_DYNAMIC_NO_PIC = NO;
				GCC_OPTIMIZATION_LEVEL = 0;
				GCC_PREPROCESSOR_DEFINITIONS = (
					"DEBUG=1",
					"$(inherited)",
				);
				GCC_SYMBOLS_PRIVATE_EXTERN = NO;
				GCC_WARN_64_TO_32_BIT_CONVERSION = YES;
				GCC_WARN_ABOUT_RETURN_TYPE = YES_ERROR;
				GCC_WARN_UNDECLARED_SELECTOR = YES;
				GCC_WARN_UNINITIALIZED_AUTOS = YES_AGGRESSIVE;
				GCC_WARN_UNUSED_FUNCTION = YES;
				GCC_WARN_UNUSED_VARIABLE = YES;
				IPHONEOS_DEPLOYMENT_TARGET = 7.1;
				ONLY_ACTIVE_ARCH = YES;
				SDKROOT = iphoneos;
			};
			name = Debug;
		};
		F2827DAA18D2064E00B97876 /* Release */ = {
			isa = XCBuildConfiguration;
			buildSettings = {
				ALWAYS_SEARCH_USER_PATHS = NO;
				CLANG_CXX_LANGUAGE_STANDARD = "gnu++0x";
				CLANG_CXX_LIBRARY = "libc++";
				CLANG_ENABLE_MODULES = YES;
				CLANG_ENABLE_OBJC_ARC = YES;
				CLANG_WARN_BOOL_CONVERSION = YES;
				CLANG_WARN_CONSTANT_CONVERSION = YES;
				CLANG_WARN_DIRECT_OBJC_ISA_USAGE = YES_ERROR;
				CLANG_WARN_EMPTY_BODY = YES;
				CLANG_WARN_ENUM_CONVERSION = YES;
				CLANG_WARN_INT_CONVERSION = YES;
				CLANG_WARN_OBJC_ROOT_CLASS = YES_ERROR;
				CLANG_WARN__DUPLICATE_METHOD_MATCH = YES;
				"CODE_SIGN_IDENTITY[sdk=iphoneos*]" = "iPhone Developer";
				COPY_PHASE_STRIP = YES;
				ENABLE_NS_ASSERTIONS = NO;
				GCC_C_LANGUAGE_STANDARD = gnu99;
				GCC_WARN_64_TO_32_BIT_CONVERSION = YES;
				GCC_WARN_ABOUT_RETURN_TYPE = YES_ERROR;
				GCC_WARN_UNDECLARED_SELECTOR = YES;
				GCC_WARN_UNINITIALIZED_AUTOS = YES_AGGRESSIVE;
				GCC_WARN_UNUSED_FUNCTION = YES;
				GCC_WARN_UNUSED_VARIABLE = YES;
				IPHONEOS_DEPLOYMENT_TARGET = 7.1;
				SDKROOT = iphoneos;
				VALIDATE_PRODUCT = YES;
			};
			name = Release;
		};
		F2827DAC18D2064E00B97876 /* Debug */ = {
			isa = XCBuildConfiguration;
			buildSettings = {
				ASSETCATALOG_COMPILER_APPICON_NAME = AppIcon;
				ASSETCATALOG_COMPILER_LAUNCHIMAGE_NAME = LaunchImage;
				GCC_PRECOMPILE_PREFIX_HEADER = YES;
				GCC_PREFIX_HEADER = "Thoughts/Type-Prefix.pch";
				INFOPLIST_FILE = "Thoughts/Type-Info.plist";
				PRODUCT_NAME = Type;
				WRAPPER_EXTENSION = app;
			};
			name = Debug;
		};
		F2827DAD18D2064E00B97876 /* Release */ = {
			isa = XCBuildConfiguration;
			buildSettings = {
				ASSETCATALOG_COMPILER_APPICON_NAME = AppIcon;
				ASSETCATALOG_COMPILER_LAUNCHIMAGE_NAME = LaunchImage;
				GCC_PRECOMPILE_PREFIX_HEADER = YES;
				GCC_PREFIX_HEADER = "Thoughts/Type-Prefix.pch";
				INFOPLIST_FILE = "Thoughts/Type-Info.plist";
				PRODUCT_NAME = Type;
				WRAPPER_EXTENSION = app;
			};
			name = Release;
		};
		F2827DAF18D2064E00B97876 /* Debug */ = {
			isa = XCBuildConfiguration;
			buildSettings = {
				BUNDLE_LOADER = "$(BUILT_PRODUCTS_DIR)/Thoughts.app/Thoughts";
				FRAMEWORK_SEARCH_PATHS = (
					"$(SDKROOT)/Developer/Library/Frameworks",
					"$(inherited)",
					"$(DEVELOPER_FRAMEWORKS_DIR)",
				);
				GCC_PRECOMPILE_PREFIX_HEADER = YES;
				GCC_PREFIX_HEADER = "Thoughts/Thoughts-Prefix.pch";
				GCC_PREPROCESSOR_DEFINITIONS = (
					"DEBUG=1",
					"$(inherited)",
				);
				INFOPLIST_FILE = "ThoughtsTests/TypeTests-Info.plist";
				PRODUCT_NAME = TypeTests;
				TEST_HOST = "$(BUNDLE_LOADER)";
				WRAPPER_EXTENSION = xctest;
			};
			name = Debug;
		};
		F2827DB018D2064E00B97876 /* Release */ = {
			isa = XCBuildConfiguration;
			buildSettings = {
				BUNDLE_LOADER = "$(BUILT_PRODUCTS_DIR)/Thoughts.app/Thoughts";
				FRAMEWORK_SEARCH_PATHS = (
					"$(SDKROOT)/Developer/Library/Frameworks",
					"$(inherited)",
					"$(DEVELOPER_FRAMEWORKS_DIR)",
				);
				GCC_PRECOMPILE_PREFIX_HEADER = YES;
				GCC_PREFIX_HEADER = "Thoughts/Thoughts-Prefix.pch";
				INFOPLIST_FILE = "ThoughtsTests/TypeTests-Info.plist";
				PRODUCT_NAME = TypeTests;
				TEST_HOST = "$(BUNDLE_LOADER)";
				WRAPPER_EXTENSION = xctest;
			};
			name = Release;
		};
/* End XCBuildConfiguration section */

/* Begin XCConfigurationList section */
		F2827D7418D2064E00B97876 /* Build configuration list for PBXProject "Type" */ = {
			isa = XCConfigurationList;
			buildConfigurations = (
				F2827DA918D2064E00B97876 /* Debug */,
				F2827DAA18D2064E00B97876 /* Release */,
			);
			defaultConfigurationIsVisible = 0;
			defaultConfigurationName = Release;
		};
		F2827DAB18D2064E00B97876 /* Build configuration list for PBXNativeTarget "Type" */ = {
			isa = XCConfigurationList;
			buildConfigurations = (
				F2827DAC18D2064E00B97876 /* Debug */,
				F2827DAD18D2064E00B97876 /* Release */,
			);
			defaultConfigurationIsVisible = 0;
			defaultConfigurationName = Release;
		};
		F2827DAE18D2064E00B97876 /* Build configuration list for PBXNativeTarget "TypeTests" */ = {
			isa = XCConfigurationList;
			buildConfigurations = (
				F2827DAF18D2064E00B97876 /* Debug */,
				F2827DB018D2064E00B97876 /* Release */,
			);
			defaultConfigurationIsVisible = 0;
			defaultConfigurationName = Release;
		};
/* End XCConfigurationList section */

/* Begin XCVersionGroup section */
		F2827D9018D2064E00B97876 /* Thoughts.xcdatamodeld */ = {
			isa = XCVersionGroup;
			children = (
				F2827D9118D2064E00B97876 /* Thoughts.xcdatamodel */,
			);
			currentVersion = F2827D9118D2064E00B97876 /* Thoughts.xcdatamodel */;
			path = Thoughts.xcdatamodeld;
			sourceTree = "<group>";
			versionGroupType = wrapper.xcdatamodel;
		};
/* End XCVersionGroup section */
	};
	rootObject = F2827D7118D2064E00B97876 /* Project object */;
}
